
Microsoft Visual Studio Solution File, Format Version 12.00
# Visual Studio Version 17
VisualStudioVersion = 17.2.32616.157
MinimumVisualStudioVersion = 10.0.40219.1
Project("{FAE04EC0-301F-11D3-BF4B-00C04F79EFBC}") = "PopMedNet.ExternalServiceMocks", "PopMedNet.ExternalServiceMocks\PopMedNet.ExternalServiceMocks.csproj", "{A557CF1B-02CE-4B64-807F-B56FD8EDCBF1}"
EndProject
Global
	GlobalSection(SolutionConfigurationPlatforms) = preSolution
		Debug|Any CPU = Debug|Any CPU
		Release|Any CPU = Release|Any CPU
	EndGlobalSection
	GlobalSection(ProjectConfigurationPlatforms) = postSolution
		{A557CF1B-02CE-4B64-807F-B56FD8EDCBF1}.Debug|Any CPU.ActiveCfg = Debug|Any CPU
		{A557CF1B-02CE-4B64-807F-B56FD8EDCBF1}.Debug|Any CPU.Build.0 = Debug|Any CPU
		{A557CF1B-02CE-4B64-807F-B56FD8EDCBF1}.Release|Any CPU.ActiveCfg = Release|Any CPU
		{A557CF1B-02CE-4B64-807F-B56FD8EDCBF1}.Release|Any CPU.Build.0 = Release|Any CPU
	EndGlobalSection
	GlobalSection(SolutionProperties) = preSolution
		HideSolutionNode = FALSE
	EndGlobalSection
	GlobalSection(ExtensibilityGlobals) = postSolution
		SolutionGuid = {7CF87FF7-9A80-4DBE-B350-B7FB8CFE1952}
	EndGlobalSection
EndGlobal
