
Microsoft Visual Studio Solution File, Format Version 12.00
# Visual Studio 15
VisualStudioVersion = 15.0.27004.2005
MinimumVisualStudioVersion = 10.0.40219.1
Project("{2150E333-8FDC-42A3-9474-1A3956D46DE8}") = "Tests", "Tests", "{206D225A-1300-4D2F-89DA-BD45C5CEE912}"
EndProject
Project("{2150E333-8FDC-42A3-9474-1A3956D46DE8}") = "Plugins", "Plugins", "{BC2F0AA5-7058-473B-88C2-C42AFEF79BA1}"
EndProject
Project("{2150E333-8FDC-42A3-9474-1A3956D46DE8}") = "Redirect", "Redirect", "{1B44D85D-D357-4BF4-90C7-902BB0700404}"
EndProject
Project("{2150E333-8FDC-42A3-9474-1A3956D46DE8}") = "Web", "Web", "{A1F7177F-85C0-4053-AE7A-0FF70E2D77F4}"
EndProject
Project("{2150E333-8FDC-42A3-9474-1A3956D46DE8}") = "Lpp.Mvc.Composition", "Lpp.Mvc.Composition", "{5548201A-0CAB-47DA-9AF6-DAB2734F3F20}"
EndProject
Project("{2150E333-8FDC-42A3-9474-1A3956D46DE8}") = "HealthCare", "HealthCare", "{F6A54BA3-CF60-4751-A602-EF9639114CF9}"
EndProject
Project("{2150E333-8FDC-42A3-9474-1A3956D46DE8}") = "Tests", "Tests", "{689C93D0-680F-44EF-89EE-03BD4711040B}"
EndProject
Project("{2150E333-8FDC-42A3-9474-1A3956D46DE8}") = "Build", "Build", "{8B341407-BF90-4379-A946-471113794BB2}"
	ProjectSection(SolutionItems) = preProject
		Build\CommonAssemblyInfo.cs = Build\CommonAssemblyInfo.cs
		Build\DataMartClientCommonAssemlbyInfo.cs = Build\DataMartClientCommonAssemlbyInfo.cs
		Build\Lpp.Dns.Base.targets = Build\Lpp.Dns.Base.targets
		Build\Lpp.Dns.targets = Build\Lpp.Dns.targets
	EndProjectSection
EndProject
Project("{2150E333-8FDC-42A3-9474-1A3956D46DE8}") = "Build", "Build", "{1FDDD001-509E-43D1-A1F6-1ED118F4B796}"
	ProjectSection(SolutionItems) = preProject
		Lpp.Mvc.Composition\CommonAssemblyInfo.cs = Lpp.Mvc.Composition\CommonAssemblyInfo.cs
		Lpp.Mvc.Composition\Lpp.Mvc.Composition.targets = Lpp.Mvc.Composition\Lpp.Mvc.Composition.targets
	EndProjectSection
EndProject
Project("{2150E333-8FDC-42A3-9474-1A3956D46DE8}") = "Base", "Base", "{DECE5A3E-34A2-4CB4-8CE5-0FAC388C1069}"
EndProject
Project("{2150E333-8FDC-42A3-9474-1A3956D46DE8}") = "Remote", "Remote", "{FD74DCC8-5805-4A95-9AEB-6CBAECEC3099}"
EndProject
Project("{2150E333-8FDC-42A3-9474-1A3956D46DE8}") = ".nuget", ".nuget", "{9A357BB1-A6AB-4478-B8C3-87995A9FAC3C}"
	ProjectSection(SolutionItems) = preProject
		.nuget\NuGet.Config = .nuget\NuGet.Config
		.nuget\packages.config = .nuget\packages.config
	EndProjectSection
EndProject
Project("{2150E333-8FDC-42A3-9474-1A3956D46DE8}") = "General", "General", "{1BFBC81B-E4A2-4F93-BA7F-0CE4AD1F5F9A}"
EndProject
Project("{FAE04EC0-301F-11D3-BF4B-00C04F79EFBC}") = "Lpp.Dns.Portal", "Lpp.Dns.Portal\Lpp.Dns.Portal.csproj", "{E59FAF38-4394-4D29-837F-BAE706488021}"
EndProject
Project("{FAE04EC0-301F-11D3-BF4B-00C04F79EFBC}") = "Lpp.Dns.Model.Test", "Tests\Lpp.Dns.Model.Test\Lpp.Dns.Model.Test.csproj", "{C33B004C-E787-43E0-AF9D-9B3998AEE1A7}"
EndProject
Project("{FAE04EC0-301F-11D3-BF4B-00C04F79EFBC}") = "Lpp.Dns.Tests", "Tests\Lpp.Dns.Tests\Lpp.Dns.Tests.csproj", "{8AB06E5A-4025-41D8-98E2-60B271508317}"
EndProject
Project("{FAE04EC0-301F-11D3-BF4B-00C04F79EFBC}") = "Lpp.Dns.Mvc.Interfaces", "Lpp.Dns.Mvc.Interfaces\Lpp.Dns.Mvc.Interfaces.csproj", "{45DCB2B5-186D-4B7D-917C-E3780A9B8A19}"
EndProject
Project("{FAE04EC0-301F-11D3-BF4B-00C04F79EFBC}") = "Lpp.Dns.RedirectBridge.Interfaces", "RedirectBridge\Lpp.Dns.RedirectBridge.Interfaces\Lpp.Dns.RedirectBridge.Interfaces.csproj", "{90C615AC-F71B-401E-BB5C-88B686150F56}"
EndProject
Project("{FAE04EC0-301F-11D3-BF4B-00C04F79EFBC}") = "Lpp.Dns.RedirectBridge", "RedirectBridge\Lpp.Dns.RedirectBridge\Lpp.Dns.RedirectBridge.csproj", "{04A1CD2E-08DF-4D45-AA77-D924DD7ACEB7}"
EndProject
Project("{FAE04EC0-301F-11D3-BF4B-00C04F79EFBC}") = "Lpp.Dns.Models.Sample", "Plugins\Lpp.Dns.Models.Sample\Lpp.Dns.Models.Sample.csproj", "{24F369B9-0FBD-4C1E-BD28-A0F7F87D6C18}"
EndProject
Project("{FAE04EC0-301F-11D3-BF4B-00C04F79EFBC}") = "Lpp.Dns.RedirectBridge.Tests", "Tests\Lpp.Dns.RedirectBridge.Tests\Lpp.Dns.RedirectBridge.Tests.csproj", "{DFBF4F5B-A474-49C0-A149-349E2F9352BE}"
EndProject
Project("{FAE04EC0-301F-11D3-BF4B-00C04F79EFBC}") = "Lpp.Dns.Portal.Tests", "Tests\Lpp.Dns.Portal.Tests\Lpp.Dns.Portal.Tests.csproj", "{FB93F11E-3688-41B8-846F-8C6498DA6B8E}"
EndProject
Project("{FAE04EC0-301F-11D3-BF4B-00C04F79EFBC}") = "Lpp.Dns.DocumentVisualizers", "Lpp.Dns.DocumentVisualizers\Lpp.Dns.DocumentVisualizers.csproj", "{434313E6-7140-41B5-98CE-CDECCAA6D455}"
EndProject
Project("{FAE04EC0-301F-11D3-BF4B-00C04F79EFBC}") = "Lpp.Utilities.Legacy", "Lpp.Mvc.Composition\Lpp.Utilities.Legacy\Lpp.Utilities.Legacy.csproj", "{76FFE23E-47D1-46B6-8EC3-6554361FBFB0}"
EndProject
Project("{FAE04EC0-301F-11D3-BF4B-00C04F79EFBC}") = "Lpp.Composition", "Lpp.Mvc.Composition\Lpp.Composition\Lpp.Composition.csproj", "{A51B3E7C-4C5E-4120-BBFC-5667736D7521}"
EndProject
Project("{FAE04EC0-301F-11D3-BF4B-00C04F79EFBC}") = "Lpp.Mvc", "Lpp.Mvc.Composition\Lpp.Mvc\Lpp.Mvc.csproj", "{CFE8BE40-6DC0-44DE-BE79-F1C667CE0AC3}"
EndProject
Project("{FAE04EC0-301F-11D3-BF4B-00C04F79EFBC}") = "Lpp.Mvc.Composition", "Lpp.Mvc.Composition\Lpp.Mvc.Composition\Lpp.Mvc.Composition.csproj", "{6443849F-D962-4034-94E5-5A4A727C2B01}"
EndProject
Project("{FAE04EC0-301F-11D3-BF4B-00C04F79EFBC}") = "Lpp.Dns.HealthCare.ESPQueryBuilder", "Plugins\Lpp.Dns.HealthCare.ESPQueryBuilder\Lpp.Dns.HealthCare.ESPQueryBuilder.csproj", "{1F1F4A79-265A-4FB1-8A9D-19CCAFB48B2C}"
EndProject
Project("{FAE04EC0-301F-11D3-BF4B-00C04F79EFBC}") = "Lpp.Dns.HealthCare.Controls", "Plugins\Lpp.Dns.HealthCare.Controls\Lpp.Dns.HealthCare.Controls.csproj", "{96239D23-8094-4649-8B29-EDC7C04DAFBA}"
EndProject
Project("{FAE04EC0-301F-11D3-BF4B-00C04F79EFBC}") = "Lpp.Dns.HealthCare.Summary", "Plugins\Lpp.Dns.HealthCare.Summary\Lpp.Dns.HealthCare.Summary.csproj", "{AF5D4930-BB9A-4232-BF15-F7A798BA73C0}"
EndProject
Project("{FAE04EC0-301F-11D3-BF4B-00C04F79EFBC}") = "Lpp.Dns.Portal.Interfaces", "Lpp.Dns.Portal.Interfaces\Lpp.Dns.Portal.Interfaces.csproj", "{B43A1F32-8301-4B0B-877D-1570C6A06674}"
EndProject
Project("{FAE04EC0-301F-11D3-BF4B-00C04F79EFBC}") = "Lpp.Security", "Lpp.Mvc.Composition\Lpp.Security\Lpp.Security.csproj", "{FCCB5726-D818-4816-9714-D323834CEBC9}"
EndProject
Project("{FAE04EC0-301F-11D3-BF4B-00C04F79EFBC}") = "Lpp.Tests", "Lpp.Mvc.Composition\Tests\Lpp.Tests\Lpp.Tests.csproj", "{C26AA376-8202-47A7-80AF-9CDA4042A5D8}"
EndProject
Project("{FAE04EC0-301F-11D3-BF4B-00C04F79EFBC}") = "Lpp.Security.Tests", "Lpp.Mvc.Composition\Tests\Lpp.Security.Tests\Lpp.Security.Tests.csproj", "{EF6CE0B0-6C92-4285-A99C-433B2CEB17FE}"
EndProject
Project("{FAE04EC0-301F-11D3-BF4B-00C04F79EFBC}") = "Lpp.Security.UI", "Lpp.Mvc.Composition\Lpp.Security.UI\Lpp.Security.UI.csproj", "{DCED1EA8-6345-461C-A986-BE44318E99ED}"
EndProject
Project("{FAE04EC0-301F-11D3-BF4B-00C04F79EFBC}") = "Lpp.Mvc.Controls.Interfaces", "Lpp.Mvc.Composition\Lpp.Mvc.Controls.Interfaces\Lpp.Mvc.Controls.Interfaces.csproj", "{10895DFA-14A7-4113-817A-E2AEF16AAC63}"
EndProject
Project("{FAE04EC0-301F-11D3-BF4B-00C04F79EFBC}") = "Lpp.Mvc.Controls", "Lpp.Mvc.Composition\Lpp.Mvc.Controls\Lpp.Mvc.Controls.csproj", "{39A1B5D5-583A-4735-B897-9B5352C20E7E}"
EndProject
Project("{FAE04EC0-301F-11D3-BF4B-00C04F79EFBC}") = "Lpp.Audit", "Lpp.Mvc.Composition\Lpp.Audit\Lpp.Audit.csproj", "{76B912C7-386A-4579-8AD6-62ED2E658A78}"
EndProject
Project("{FAE04EC0-301F-11D3-BF4B-00C04F79EFBC}") = "Lpp.Audit.UI", "Lpp.Mvc.Composition\Lpp.Audit.UI\Lpp.Audit.UI.csproj", "{4EC1AE43-C7F6-445C-9A33-2A9D19B7F3E0}"
EndProject
Project("{FAE04EC0-301F-11D3-BF4B-00C04F79EFBC}") = "Lpp.Dns.HealthCare.I2B2", "Plugins\Lpp.Dns.HealthCare.I2B2\Lpp.Dns.HealthCare.I2B2.csproj", "{953D2D42-A8E5-4059-A80F-891DD38B22D9}"
EndProject
Project("{FAE04EC0-301F-11D3-BF4B-00C04F79EFBC}") = "Lpp.Dns.RemotePlugin.Interfaces", "RemotePlugin\Lpp.Dns.RemotePlugin.Interfaces\Lpp.Dns.RemotePlugin.Interfaces.csproj", "{926AE5F2-B2A6-4C29-BCC3-77B1A4C12DAE}"
EndProject
Project("{FAE04EC0-301F-11D3-BF4B-00C04F79EFBC}") = "Lpp.Dns.RemotePlugin", "RemotePlugin\Lpp.Dns.RemotePlugin\Lpp.Dns.RemotePlugin.csproj", "{D197AF32-D438-4010-8157-25390A21A07A}"
EndProject
Project("{FAE04EC0-301F-11D3-BF4B-00C04F79EFBC}") = "Lpp.Dns.RemotePlugin.Tests", "Lpp.Dns.RemotePlugin.Tests\Lpp.Dns.RemotePlugin.Tests.csproj", "{09F0391F-331A-42E7-B813-118AD2ED571E}"
EndProject
Project("{FAE04EC0-301F-11D3-BF4B-00C04F79EFBC}") = "Lpp.Dns.HealthCare.FileDistribution", "Plugins\Lpp.Dns.HealthCare.FileDistribution\Lpp.Dns.HealthCare.FileDistribution.csproj", "{6E789E66-E658-44EC-9431-6FBC6B8D99F0}"
EndProject
Project("{FAE04EC0-301F-11D3-BF4B-00C04F79EFBC}") = "Lpp.Dns.General.Helpers", "Lpp.Dns.HealthCare.Helpers\Lpp.Dns.General.Helpers.csproj", "{F202438B-27AB-4E58-B137-856363D29B16}"
EndProject
Project("{FAE04EC0-301F-11D3-BF4B-00C04F79EFBC}") = "Lpp.Mvc.Boilerplate", "Lpp.Mvc.Composition\Lpp.Mvc.Boilerplate\Lpp.Mvc.Boilerplate.csproj", "{4FFE4C8F-F9F5-44BE-A21F-C44F6087DFB1}"
EndProject
Project("{FAE04EC0-301F-11D3-BF4B-00C04F79EFBC}") = "Lpp.Auth", "Lpp.Mvc.Composition\Lpp.Auth\Lpp.Auth.csproj", "{22116AA2-D508-43FD-AB00-12A383D02C6B}"
EndProject
Project("{FAE04EC0-301F-11D3-BF4B-00C04F79EFBC}") = "Lpp.Dns.HealthCare.ModularProgram", "Plugins\Lpp.Dns.HealthCare.ModularProgram\Lpp.Dns.HealthCare.ModularProgram.csproj", "{4F40CE06-1468-48AD-B1C4-76D3008E8A44}"
EndProject
Project("{FAE04EC0-301F-11D3-BF4B-00C04F79EFBC}") = "Lpp.Dns.Portal.RequestMetadataCollection", "Lpp.Dns.Portal.RequestMetadataCollection\Lpp.Dns.Portal.RequestMetadataCollection.csproj", "{52D50C16-1EC6-40ED-A35C-EBDB2FB87D1D}"
EndProject
Project("{FAE04EC0-301F-11D3-BF4B-00C04F79EFBC}") = "Lpp.Dns.General.SqDistribution", "Plugins\Lpp.Dns.General.Sql\Lpp.Dns.General.SqDistribution.csproj", "{3DE91B41-16C5-4FC3-87CD-363F9BB10D96}"
EndProject
Project("{FAE04EC0-301F-11D3-BF4B-00C04F79EFBC}") = "Lpp.Dns.General.Metadata", "Plugins\Lpp.Dns.General.Metadata\Lpp.Dns.General.Metadata.csproj", "{7A0CE541-DDFA-44AD-8D53-32AE5B306978}"
EndProject
Project("{FAE04EC0-301F-11D3-BF4B-00C04F79EFBC}") = "Lpp.Dns.General.CriteriaGroup", "Plugins\Lpp.Dns.General.CriteriaGroup\Lpp.Dns.General.CriteriaGroup.csproj", "{E383F358-C6E0-44CB-BAE2-14454E4D8D18}"
EndProject
Project("{FAE04EC0-301F-11D3-BF4B-00C04F79EFBC}") = "Lpp.Dns.HealthCare.SPANQueryBuilder", "Plugins\Lpp.Dns.HealthCare.SPANQueryBuilder\Lpp.Dns.HealthCare.SPANQueryBuilder.csproj", "{E2C06A29-E40A-4675-A166-1165F3FF4347}"
EndProject
Project("{FAE04EC0-301F-11D3-BF4B-00C04F79EFBC}") = "Lpp.Dns.HealthCare.SASDistribution", "Plugins\Lpp.Dns.HealthCare.SASDistribution\Lpp.Dns.HealthCare.SASDistribution.csproj", "{BFA89FC0-784B-4EB9-9162-CC818A5F8605}"
EndProject
Project("{00D1A9C2-B5F0-4AF3-8072-F6C62B433612}") = "Lpp.Dns.Model.CLR", "Lpp.Dns.Model.CLR\Lpp.Dns.Model.CLR.sqlproj", "{90A0D799-8D7A-4F40-A87E-07C1FC17EC07}"
EndProject
Project("{FAE04EC0-301F-11D3-BF4B-00C04F79EFBC}") = "Lpp.Dns.General.Sample", "Plugins\Lpp.Dns.General.Sample\Lpp.Dns.General.Sample.csproj", "{90E6BC44-E594-4B35-8850-C6542086C1F7}"
EndProject
Project("{FAE04EC0-301F-11D3-BF4B-00C04F79EFBC}") = "Lpp.Dns.LocalDataMart", "Lpp.Dns.LocalDataMart\Lpp.Dns.LocalDataMart.csproj", "{925B80B3-6850-431F-AB5E-D6959B9C5DBB}"
EndProject
Project("{FAE04EC0-301F-11D3-BF4B-00C04F79EFBC}") = "Lpp.Dns.HealthCare.DataChecker", "Plugins\Lpp.Dns.HealthCare.DataChecker\Lpp.Dns.HealthCare.DataChecker.csproj", "{F89A0460-73A4-4E0A-9367-D554BFBEC0B9}"
EndProject
Project("{FAE04EC0-301F-11D3-BF4B-00C04F79EFBC}") = "Lpp.Dns.General.CriteriaGroupCommon", "Plugins\Lpp.Dns.General.CriteriaGroupCommon\Lpp.Dns.General.CriteriaGroupCommon.csproj", "{A7557304-001B-4CAE-A05F-196BFF7DBAEB}"
EndProject
Project("{FAE04EC0-301F-11D3-BF4B-00C04F79EFBC}") = "Lpp.Dns.General.QueryComposer", "Plugins\Lpp.Dns.General.QueryComposer\Lpp.Dns.General.QueryComposer.csproj", "{F2B40226-F66B-4384-B40E-29C1E4FC5547}"
EndProject
Project("{FAE04EC0-301F-11D3-BF4B-00C04F79EFBC}") = "Lpp.Dns.HealthCare.Conditions", "Plugins\Lpp.Dns.HealthCare.Conditions\Lpp.Dns.HealthCare.Conditions.csproj", "{B8DE912F-6691-4D6F-AA52-595D7BA31274}"
EndProject
Project("{FAE04EC0-301F-11D3-BF4B-00C04F79EFBC}") = "Lpp.Dns.HealthCare.Helper.Tests", "Lpp.Dns.HealthCare.Helper.Tests\Lpp.Dns.HealthCare.Helper.Tests.csproj", "{A41FF6E2-ED19-4CC8-AD29-B5E5BFDA2009}"
EndProject
Project("{FAE04EC0-301F-11D3-BF4B-00C04F79EFBC}") = "Lpp.FileSystem", "Lpp.Mvc.Composition\Lpp.FileSystem\Lpp.FileSystem.csproj", "{4D4083AF-75EE-4C9A-AFE1-F0C8F4C6C051}"
EndProject
Project("{FAE04EC0-301F-11D3-BF4B-00C04F79EFBC}") = "Lpp.Dns.DTO", "Lpp.Dns.DTO\Lpp.Dns.DTO.csproj", "{DD487AA9-8099-4AA7-8CB2-BAE3A2B5104D}"
EndProject
Project("{FAE04EC0-301F-11D3-BF4B-00C04F79EFBC}") = "Lpp.Dns.Data", "Lpp.Dns.Data\Lpp.Dns.Data.csproj", "{4B69BF41-5231-417B-9841-F2092C24B1D1}"
EndProject
Project("{FAE04EC0-301F-11D3-BF4B-00C04F79EFBC}") = "Lpp.Dns.WebServices", "Lpp.Dns.WebServices\Lpp.Dns.WebServices.csproj", "{55D64BFF-0AFB-4878-B0AC-971FEE5B1BAD}"
EndProject
Project("{FAE04EC0-301F-11D3-BF4B-00C04F79EFBC}") = "Lpp.Dns.ApiClient", "Lpp.Dns.ApiClient\Lpp.Dns.ApiClient.csproj", "{335B59E5-6C48-4BA8-A427-97B4812E6C42}"
EndProject
Global
	GlobalSection(SolutionConfigurationPlatforms) = preSolution
		Debug|Any CPU = Debug|Any CPU
		Release|Any CPU = Release|Any CPU
	EndGlobalSection
	GlobalSection(ProjectConfigurationPlatforms) = postSolution
		{E59FAF38-4394-4D29-837F-BAE706488021}.Debug|Any CPU.ActiveCfg = Debug|Any CPU
		{E59FAF38-4394-4D29-837F-BAE706488021}.Debug|Any CPU.Build.0 = Debug|Any CPU
		{E59FAF38-4394-4D29-837F-BAE706488021}.Release|Any CPU.ActiveCfg = Release|Any CPU
		{E59FAF38-4394-4D29-837F-BAE706488021}.Release|Any CPU.Build.0 = Release|Any CPU
		{C33B004C-E787-43E0-AF9D-9B3998AEE1A7}.Debug|Any CPU.ActiveCfg = Debug|Any CPU
		{C33B004C-E787-43E0-AF9D-9B3998AEE1A7}.Debug|Any CPU.Build.0 = Debug|Any CPU
		{C33B004C-E787-43E0-AF9D-9B3998AEE1A7}.Release|Any CPU.ActiveCfg = Release|Any CPU
		{C33B004C-E787-43E0-AF9D-9B3998AEE1A7}.Release|Any CPU.Build.0 = Release|Any CPU
		{8AB06E5A-4025-41D8-98E2-60B271508317}.Debug|Any CPU.ActiveCfg = Debug|Any CPU
		{8AB06E5A-4025-41D8-98E2-60B271508317}.Debug|Any CPU.Build.0 = Debug|Any CPU
		{8AB06E5A-4025-41D8-98E2-60B271508317}.Release|Any CPU.ActiveCfg = Release|Any CPU
		{8AB06E5A-4025-41D8-98E2-60B271508317}.Release|Any CPU.Build.0 = Release|Any CPU
		{45DCB2B5-186D-4B7D-917C-E3780A9B8A19}.Debug|Any CPU.ActiveCfg = Debug|Any CPU
		{45DCB2B5-186D-4B7D-917C-E3780A9B8A19}.Debug|Any CPU.Build.0 = Debug|Any CPU
		{45DCB2B5-186D-4B7D-917C-E3780A9B8A19}.Release|Any CPU.ActiveCfg = Release|Any CPU
		{45DCB2B5-186D-4B7D-917C-E3780A9B8A19}.Release|Any CPU.Build.0 = Release|Any CPU
		{90C615AC-F71B-401E-BB5C-88B686150F56}.Debug|Any CPU.ActiveCfg = Debug|Any CPU
		{90C615AC-F71B-401E-BB5C-88B686150F56}.Debug|Any CPU.Build.0 = Debug|Any CPU
		{90C615AC-F71B-401E-BB5C-88B686150F56}.Release|Any CPU.ActiveCfg = Release|Any CPU
		{90C615AC-F71B-401E-BB5C-88B686150F56}.Release|Any CPU.Build.0 = Release|Any CPU
		{04A1CD2E-08DF-4D45-AA77-D924DD7ACEB7}.Debug|Any CPU.ActiveCfg = Debug|Any CPU
		{04A1CD2E-08DF-4D45-AA77-D924DD7ACEB7}.Debug|Any CPU.Build.0 = Debug|Any CPU
		{04A1CD2E-08DF-4D45-AA77-D924DD7ACEB7}.Release|Any CPU.ActiveCfg = Release|Any CPU
		{04A1CD2E-08DF-4D45-AA77-D924DD7ACEB7}.Release|Any CPU.Build.0 = Release|Any CPU
		{24F369B9-0FBD-4C1E-BD28-A0F7F87D6C18}.Debug|Any CPU.ActiveCfg = Debug|Any CPU
		{24F369B9-0FBD-4C1E-BD28-A0F7F87D6C18}.Debug|Any CPU.Build.0 = Debug|Any CPU
		{24F369B9-0FBD-4C1E-BD28-A0F7F87D6C18}.Release|Any CPU.ActiveCfg = Release|Any CPU
		{24F369B9-0FBD-4C1E-BD28-A0F7F87D6C18}.Release|Any CPU.Build.0 = Release|Any CPU
		{DFBF4F5B-A474-49C0-A149-349E2F9352BE}.Debug|Any CPU.ActiveCfg = Debug|Any CPU
		{DFBF4F5B-A474-49C0-A149-349E2F9352BE}.Debug|Any CPU.Build.0 = Debug|Any CPU
		{DFBF4F5B-A474-49C0-A149-349E2F9352BE}.Release|Any CPU.ActiveCfg = Release|Any CPU
		{DFBF4F5B-A474-49C0-A149-349E2F9352BE}.Release|Any CPU.Build.0 = Release|Any CPU
		{FB93F11E-3688-41B8-846F-8C6498DA6B8E}.Debug|Any CPU.ActiveCfg = Debug|Any CPU
		{FB93F11E-3688-41B8-846F-8C6498DA6B8E}.Debug|Any CPU.Build.0 = Debug|Any CPU
		{FB93F11E-3688-41B8-846F-8C6498DA6B8E}.Release|Any CPU.ActiveCfg = Release|Any CPU
		{FB93F11E-3688-41B8-846F-8C6498DA6B8E}.Release|Any CPU.Build.0 = Release|Any CPU
		{434313E6-7140-41B5-98CE-CDECCAA6D455}.Debug|Any CPU.ActiveCfg = Debug|Any CPU
		{434313E6-7140-41B5-98CE-CDECCAA6D455}.Debug|Any CPU.Build.0 = Debug|Any CPU
		{434313E6-7140-41B5-98CE-CDECCAA6D455}.Release|Any CPU.ActiveCfg = Release|Any CPU
		{434313E6-7140-41B5-98CE-CDECCAA6D455}.Release|Any CPU.Build.0 = Release|Any CPU
		{76FFE23E-47D1-46B6-8EC3-6554361FBFB0}.Debug|Any CPU.ActiveCfg = Debug|Any CPU
		{76FFE23E-47D1-46B6-8EC3-6554361FBFB0}.Debug|Any CPU.Build.0 = Debug|Any CPU
		{76FFE23E-47D1-46B6-8EC3-6554361FBFB0}.Release|Any CPU.ActiveCfg = Release|Any CPU
		{76FFE23E-47D1-46B6-8EC3-6554361FBFB0}.Release|Any CPU.Build.0 = Release|Any CPU
		{A51B3E7C-4C5E-4120-BBFC-5667736D7521}.Debug|Any CPU.ActiveCfg = Debug|Any CPU
		{A51B3E7C-4C5E-4120-BBFC-5667736D7521}.Debug|Any CPU.Build.0 = Debug|Any CPU
		{A51B3E7C-4C5E-4120-BBFC-5667736D7521}.Release|Any CPU.ActiveCfg = Release|Any CPU
		{A51B3E7C-4C5E-4120-BBFC-5667736D7521}.Release|Any CPU.Build.0 = Release|Any CPU
		{CFE8BE40-6DC0-44DE-BE79-F1C667CE0AC3}.Debug|Any CPU.ActiveCfg = Debug|Any CPU
		{CFE8BE40-6DC0-44DE-BE79-F1C667CE0AC3}.Debug|Any CPU.Build.0 = Debug|Any CPU
		{CFE8BE40-6DC0-44DE-BE79-F1C667CE0AC3}.Release|Any CPU.ActiveCfg = Release|Any CPU
		{CFE8BE40-6DC0-44DE-BE79-F1C667CE0AC3}.Release|Any CPU.Build.0 = Release|Any CPU
		{6443849F-D962-4034-94E5-5A4A727C2B01}.Debug|Any CPU.ActiveCfg = Debug|Any CPU
		{6443849F-D962-4034-94E5-5A4A727C2B01}.Debug|Any CPU.Build.0 = Debug|Any CPU
		{6443849F-D962-4034-94E5-5A4A727C2B01}.Release|Any CPU.ActiveCfg = Release|Any CPU
		{6443849F-D962-4034-94E5-5A4A727C2B01}.Release|Any CPU.Build.0 = Release|Any CPU
		{1F1F4A79-265A-4FB1-8A9D-19CCAFB48B2C}.Debug|Any CPU.ActiveCfg = Debug|Any CPU
		{1F1F4A79-265A-4FB1-8A9D-19CCAFB48B2C}.Debug|Any CPU.Build.0 = Debug|Any CPU
		{1F1F4A79-265A-4FB1-8A9D-19CCAFB48B2C}.Release|Any CPU.ActiveCfg = Release|Any CPU
		{1F1F4A79-265A-4FB1-8A9D-19CCAFB48B2C}.Release|Any CPU.Build.0 = Release|Any CPU
		{96239D23-8094-4649-8B29-EDC7C04DAFBA}.Debug|Any CPU.ActiveCfg = Debug|Any CPU
		{96239D23-8094-4649-8B29-EDC7C04DAFBA}.Debug|Any CPU.Build.0 = Debug|Any CPU
		{96239D23-8094-4649-8B29-EDC7C04DAFBA}.Release|Any CPU.ActiveCfg = Release|Any CPU
		{96239D23-8094-4649-8B29-EDC7C04DAFBA}.Release|Any CPU.Build.0 = Release|Any CPU
		{AF5D4930-BB9A-4232-BF15-F7A798BA73C0}.Debug|Any CPU.ActiveCfg = Debug|Any CPU
		{AF5D4930-BB9A-4232-BF15-F7A798BA73C0}.Debug|Any CPU.Build.0 = Debug|Any CPU
		{AF5D4930-BB9A-4232-BF15-F7A798BA73C0}.Release|Any CPU.ActiveCfg = Release|Any CPU
		{AF5D4930-BB9A-4232-BF15-F7A798BA73C0}.Release|Any CPU.Build.0 = Release|Any CPU
		{B43A1F32-8301-4B0B-877D-1570C6A06674}.Debug|Any CPU.ActiveCfg = Debug|Any CPU
		{B43A1F32-8301-4B0B-877D-1570C6A06674}.Debug|Any CPU.Build.0 = Debug|Any CPU
		{B43A1F32-8301-4B0B-877D-1570C6A06674}.Release|Any CPU.ActiveCfg = Release|Any CPU
		{B43A1F32-8301-4B0B-877D-1570C6A06674}.Release|Any CPU.Build.0 = Release|Any CPU
		{FCCB5726-D818-4816-9714-D323834CEBC9}.Debug|Any CPU.ActiveCfg = Debug|Any CPU
		{FCCB5726-D818-4816-9714-D323834CEBC9}.Debug|Any CPU.Build.0 = Debug|Any CPU
		{FCCB5726-D818-4816-9714-D323834CEBC9}.Release|Any CPU.ActiveCfg = Release|Any CPU
		{FCCB5726-D818-4816-9714-D323834CEBC9}.Release|Any CPU.Build.0 = Release|Any CPU
		{C26AA376-8202-47A7-80AF-9CDA4042A5D8}.Debug|Any CPU.ActiveCfg = Debug|Any CPU
		{C26AA376-8202-47A7-80AF-9CDA4042A5D8}.Debug|Any CPU.Build.0 = Debug|Any CPU
		{C26AA376-8202-47A7-80AF-9CDA4042A5D8}.Release|Any CPU.ActiveCfg = Release|Any CPU
		{C26AA376-8202-47A7-80AF-9CDA4042A5D8}.Release|Any CPU.Build.0 = Release|Any CPU
		{EF6CE0B0-6C92-4285-A99C-433B2CEB17FE}.Debug|Any CPU.ActiveCfg = Debug|Any CPU
		{EF6CE0B0-6C92-4285-A99C-433B2CEB17FE}.Debug|Any CPU.Build.0 = Debug|Any CPU
		{EF6CE0B0-6C92-4285-A99C-433B2CEB17FE}.Release|Any CPU.ActiveCfg = Release|Any CPU
		{EF6CE0B0-6C92-4285-A99C-433B2CEB17FE}.Release|Any CPU.Build.0 = Release|Any CPU
		{DCED1EA8-6345-461C-A986-BE44318E99ED}.Debug|Any CPU.ActiveCfg = Debug|Any CPU
		{DCED1EA8-6345-461C-A986-BE44318E99ED}.Debug|Any CPU.Build.0 = Debug|Any CPU
		{DCED1EA8-6345-461C-A986-BE44318E99ED}.Release|Any CPU.ActiveCfg = Release|Any CPU
		{DCED1EA8-6345-461C-A986-BE44318E99ED}.Release|Any CPU.Build.0 = Release|Any CPU
		{10895DFA-14A7-4113-817A-E2AEF16AAC63}.Debug|Any CPU.ActiveCfg = Debug|Any CPU
		{10895DFA-14A7-4113-817A-E2AEF16AAC63}.Debug|Any CPU.Build.0 = Debug|Any CPU
		{10895DFA-14A7-4113-817A-E2AEF16AAC63}.Release|Any CPU.ActiveCfg = Release|Any CPU
		{10895DFA-14A7-4113-817A-E2AEF16AAC63}.Release|Any CPU.Build.0 = Release|Any CPU
		{39A1B5D5-583A-4735-B897-9B5352C20E7E}.Debug|Any CPU.ActiveCfg = Debug|Any CPU
		{39A1B5D5-583A-4735-B897-9B5352C20E7E}.Debug|Any CPU.Build.0 = Debug|Any CPU
		{39A1B5D5-583A-4735-B897-9B5352C20E7E}.Release|Any CPU.ActiveCfg = Release|Any CPU
		{39A1B5D5-583A-4735-B897-9B5352C20E7E}.Release|Any CPU.Build.0 = Release|Any CPU
		{76B912C7-386A-4579-8AD6-62ED2E658A78}.Debug|Any CPU.ActiveCfg = Debug|Any CPU
		{76B912C7-386A-4579-8AD6-62ED2E658A78}.Debug|Any CPU.Build.0 = Debug|Any CPU
		{76B912C7-386A-4579-8AD6-62ED2E658A78}.Release|Any CPU.ActiveCfg = Release|Any CPU
		{76B912C7-386A-4579-8AD6-62ED2E658A78}.Release|Any CPU.Build.0 = Release|Any CPU
		{4EC1AE43-C7F6-445C-9A33-2A9D19B7F3E0}.Debug|Any CPU.ActiveCfg = Debug|Any CPU
		{4EC1AE43-C7F6-445C-9A33-2A9D19B7F3E0}.Debug|Any CPU.Build.0 = Debug|Any CPU
		{4EC1AE43-C7F6-445C-9A33-2A9D19B7F3E0}.Release|Any CPU.ActiveCfg = Release|Any CPU
		{4EC1AE43-C7F6-445C-9A33-2A9D19B7F3E0}.Release|Any CPU.Build.0 = Release|Any CPU
		{953D2D42-A8E5-4059-A80F-891DD38B22D9}.Debug|Any CPU.ActiveCfg = Debug|Any CPU
		{953D2D42-A8E5-4059-A80F-891DD38B22D9}.Debug|Any CPU.Build.0 = Debug|Any CPU
		{953D2D42-A8E5-4059-A80F-891DD38B22D9}.Release|Any CPU.ActiveCfg = Release|Any CPU
		{953D2D42-A8E5-4059-A80F-891DD38B22D9}.Release|Any CPU.Build.0 = Release|Any CPU
		{926AE5F2-B2A6-4C29-BCC3-77B1A4C12DAE}.Debug|Any CPU.ActiveCfg = Debug|Any CPU
		{926AE5F2-B2A6-4C29-BCC3-77B1A4C12DAE}.Debug|Any CPU.Build.0 = Debug|Any CPU
		{926AE5F2-B2A6-4C29-BCC3-77B1A4C12DAE}.Release|Any CPU.ActiveCfg = Release|Any CPU
		{926AE5F2-B2A6-4C29-BCC3-77B1A4C12DAE}.Release|Any CPU.Build.0 = Release|Any CPU
		{D197AF32-D438-4010-8157-25390A21A07A}.Debug|Any CPU.ActiveCfg = Debug|Any CPU
		{D197AF32-D438-4010-8157-25390A21A07A}.Debug|Any CPU.Build.0 = Debug|Any CPU
		{D197AF32-D438-4010-8157-25390A21A07A}.Release|Any CPU.ActiveCfg = Release|Any CPU
		{D197AF32-D438-4010-8157-25390A21A07A}.Release|Any CPU.Build.0 = Release|Any CPU
		{09F0391F-331A-42E7-B813-118AD2ED571E}.Debug|Any CPU.ActiveCfg = Debug|Any CPU
		{09F0391F-331A-42E7-B813-118AD2ED571E}.Debug|Any CPU.Build.0 = Debug|Any CPU
		{09F0391F-331A-42E7-B813-118AD2ED571E}.Release|Any CPU.ActiveCfg = Release|Any CPU
		{09F0391F-331A-42E7-B813-118AD2ED571E}.Release|Any CPU.Build.0 = Release|Any CPU
		{6E789E66-E658-44EC-9431-6FBC6B8D99F0}.Debug|Any CPU.ActiveCfg = Debug|Any CPU
		{6E789E66-E658-44EC-9431-6FBC6B8D99F0}.Debug|Any CPU.Build.0 = Debug|Any CPU
		{6E789E66-E658-44EC-9431-6FBC6B8D99F0}.Release|Any CPU.ActiveCfg = Release|Any CPU
		{6E789E66-E658-44EC-9431-6FBC6B8D99F0}.Release|Any CPU.Build.0 = Release|Any CPU
		{F202438B-27AB-4E58-B137-856363D29B16}.Debug|Any CPU.ActiveCfg = Debug|Any CPU
		{F202438B-27AB-4E58-B137-856363D29B16}.Debug|Any CPU.Build.0 = Debug|Any CPU
		{F202438B-27AB-4E58-B137-856363D29B16}.Release|Any CPU.ActiveCfg = Release|Any CPU
		{F202438B-27AB-4E58-B137-856363D29B16}.Release|Any CPU.Build.0 = Release|Any CPU
		{4FFE4C8F-F9F5-44BE-A21F-C44F6087DFB1}.Debug|Any CPU.ActiveCfg = Debug|Any CPU
		{4FFE4C8F-F9F5-44BE-A21F-C44F6087DFB1}.Debug|Any CPU.Build.0 = Debug|Any CPU
		{4FFE4C8F-F9F5-44BE-A21F-C44F6087DFB1}.Release|Any CPU.ActiveCfg = Release|Any CPU
		{4FFE4C8F-F9F5-44BE-A21F-C44F6087DFB1}.Release|Any CPU.Build.0 = Release|Any CPU
		{22116AA2-D508-43FD-AB00-12A383D02C6B}.Debug|Any CPU.ActiveCfg = Debug|Any CPU
		{22116AA2-D508-43FD-AB00-12A383D02C6B}.Debug|Any CPU.Build.0 = Debug|Any CPU
		{22116AA2-D508-43FD-AB00-12A383D02C6B}.Release|Any CPU.ActiveCfg = Release|Any CPU
		{22116AA2-D508-43FD-AB00-12A383D02C6B}.Release|Any CPU.Build.0 = Release|Any CPU
		{4F40CE06-1468-48AD-B1C4-76D3008E8A44}.Debug|Any CPU.ActiveCfg = Debug|Any CPU
		{4F40CE06-1468-48AD-B1C4-76D3008E8A44}.Debug|Any CPU.Build.0 = Debug|Any CPU
		{4F40CE06-1468-48AD-B1C4-76D3008E8A44}.Release|Any CPU.ActiveCfg = Release|Any CPU
		{4F40CE06-1468-48AD-B1C4-76D3008E8A44}.Release|Any CPU.Build.0 = Release|Any CPU
		{52D50C16-1EC6-40ED-A35C-EBDB2FB87D1D}.Debug|Any CPU.ActiveCfg = Debug|Any CPU
		{52D50C16-1EC6-40ED-A35C-EBDB2FB87D1D}.Debug|Any CPU.Build.0 = Debug|Any CPU
		{52D50C16-1EC6-40ED-A35C-EBDB2FB87D1D}.Release|Any CPU.ActiveCfg = Release|Any CPU
		{52D50C16-1EC6-40ED-A35C-EBDB2FB87D1D}.Release|Any CPU.Build.0 = Release|Any CPU
		{3DE91B41-16C5-4FC3-87CD-363F9BB10D96}.Debug|Any CPU.ActiveCfg = Debug|Any CPU
		{3DE91B41-16C5-4FC3-87CD-363F9BB10D96}.Debug|Any CPU.Build.0 = Debug|Any CPU
		{3DE91B41-16C5-4FC3-87CD-363F9BB10D96}.Release|Any CPU.ActiveCfg = Release|Any CPU
		{3DE91B41-16C5-4FC3-87CD-363F9BB10D96}.Release|Any CPU.Build.0 = Release|Any CPU
		{7A0CE541-DDFA-44AD-8D53-32AE5B306978}.Debug|Any CPU.ActiveCfg = Debug|Any CPU
		{7A0CE541-DDFA-44AD-8D53-32AE5B306978}.Debug|Any CPU.Build.0 = Debug|Any CPU
		{7A0CE541-DDFA-44AD-8D53-32AE5B306978}.Release|Any CPU.ActiveCfg = Release|Any CPU
		{7A0CE541-DDFA-44AD-8D53-32AE5B306978}.Release|Any CPU.Build.0 = Release|Any CPU
		{E383F358-C6E0-44CB-BAE2-14454E4D8D18}.Debug|Any CPU.ActiveCfg = Debug|Any CPU
		{E383F358-C6E0-44CB-BAE2-14454E4D8D18}.Debug|Any CPU.Build.0 = Debug|Any CPU
		{E383F358-C6E0-44CB-BAE2-14454E4D8D18}.Release|Any CPU.ActiveCfg = Release|Any CPU
		{E383F358-C6E0-44CB-BAE2-14454E4D8D18}.Release|Any CPU.Build.0 = Release|Any CPU
		{E2C06A29-E40A-4675-A166-1165F3FF4347}.Debug|Any CPU.ActiveCfg = Debug|Any CPU
		{E2C06A29-E40A-4675-A166-1165F3FF4347}.Debug|Any CPU.Build.0 = Debug|Any CPU
		{E2C06A29-E40A-4675-A166-1165F3FF4347}.Release|Any CPU.ActiveCfg = Release|Any CPU
		{E2C06A29-E40A-4675-A166-1165F3FF4347}.Release|Any CPU.Build.0 = Release|Any CPU
		{BFA89FC0-784B-4EB9-9162-CC818A5F8605}.Debug|Any CPU.ActiveCfg = Debug|Any CPU
		{BFA89FC0-784B-4EB9-9162-CC818A5F8605}.Debug|Any CPU.Build.0 = Debug|Any CPU
		{BFA89FC0-784B-4EB9-9162-CC818A5F8605}.Release|Any CPU.ActiveCfg = Release|Any CPU
		{BFA89FC0-784B-4EB9-9162-CC818A5F8605}.Release|Any CPU.Build.0 = Release|Any CPU
		{90A0D799-8D7A-4F40-A87E-07C1FC17EC07}.Debug|Any CPU.ActiveCfg = Debug|Any CPU
		{90A0D799-8D7A-4F40-A87E-07C1FC17EC07}.Debug|Any CPU.Build.0 = Debug|Any CPU
		{90A0D799-8D7A-4F40-A87E-07C1FC17EC07}.Release|Any CPU.ActiveCfg = Release|Any CPU
		{90E6BC44-E594-4B35-8850-C6542086C1F7}.Debug|Any CPU.ActiveCfg = Debug|Any CPU
		{90E6BC44-E594-4B35-8850-C6542086C1F7}.Debug|Any CPU.Build.0 = Debug|Any CPU
		{90E6BC44-E594-4B35-8850-C6542086C1F7}.Release|Any CPU.ActiveCfg = Release|Any CPU
		{90E6BC44-E594-4B35-8850-C6542086C1F7}.Release|Any CPU.Build.0 = Release|Any CPU
		{925B80B3-6850-431F-AB5E-D6959B9C5DBB}.Debug|Any CPU.ActiveCfg = Debug|Any CPU
		{925B80B3-6850-431F-AB5E-D6959B9C5DBB}.Debug|Any CPU.Build.0 = Debug|Any CPU
		{925B80B3-6850-431F-AB5E-D6959B9C5DBB}.Release|Any CPU.ActiveCfg = Release|Any CPU
		{925B80B3-6850-431F-AB5E-D6959B9C5DBB}.Release|Any CPU.Build.0 = Release|Any CPU
		{F89A0460-73A4-4E0A-9367-D554BFBEC0B9}.Debug|Any CPU.ActiveCfg = Debug|Any CPU
		{F89A0460-73A4-4E0A-9367-D554BFBEC0B9}.Debug|Any CPU.Build.0 = Debug|Any CPU
		{F89A0460-73A4-4E0A-9367-D554BFBEC0B9}.Release|Any CPU.ActiveCfg = Release|Any CPU
		{F89A0460-73A4-4E0A-9367-D554BFBEC0B9}.Release|Any CPU.Build.0 = Release|Any CPU
		{A7557304-001B-4CAE-A05F-196BFF7DBAEB}.Debug|Any CPU.ActiveCfg = Debug|Any CPU
		{A7557304-001B-4CAE-A05F-196BFF7DBAEB}.Debug|Any CPU.Build.0 = Debug|Any CPU
		{A7557304-001B-4CAE-A05F-196BFF7DBAEB}.Release|Any CPU.ActiveCfg = Release|Any CPU
		{A7557304-001B-4CAE-A05F-196BFF7DBAEB}.Release|Any CPU.Build.0 = Release|Any CPU
		{F2B40226-F66B-4384-B40E-29C1E4FC5547}.Debug|Any CPU.ActiveCfg = Debug|Any CPU
		{F2B40226-F66B-4384-B40E-29C1E4FC5547}.Debug|Any CPU.Build.0 = Debug|Any CPU
		{F2B40226-F66B-4384-B40E-29C1E4FC5547}.Release|Any CPU.ActiveCfg = Release|Any CPU
		{F2B40226-F66B-4384-B40E-29C1E4FC5547}.Release|Any CPU.Build.0 = Release|Any CPU
		{B8DE912F-6691-4D6F-AA52-595D7BA31274}.Debug|Any CPU.ActiveCfg = Debug|Any CPU
		{B8DE912F-6691-4D6F-AA52-595D7BA31274}.Debug|Any CPU.Build.0 = Debug|Any CPU
		{B8DE912F-6691-4D6F-AA52-595D7BA31274}.Release|Any CPU.ActiveCfg = Release|Any CPU
		{B8DE912F-6691-4D6F-AA52-595D7BA31274}.Release|Any CPU.Build.0 = Release|Any CPU
		{A41FF6E2-ED19-4CC8-AD29-B5E5BFDA2009}.Debug|Any CPU.ActiveCfg = Debug|Any CPU
		{A41FF6E2-ED19-4CC8-AD29-B5E5BFDA2009}.Debug|Any CPU.Build.0 = Debug|Any CPU
		{A41FF6E2-ED19-4CC8-AD29-B5E5BFDA2009}.Release|Any CPU.ActiveCfg = Release|Any CPU
		{A41FF6E2-ED19-4CC8-AD29-B5E5BFDA2009}.Release|Any CPU.Build.0 = Release|Any CPU
		{4D4083AF-75EE-4C9A-AFE1-F0C8F4C6C051}.Debug|Any CPU.ActiveCfg = Debug|Any CPU
		{4D4083AF-75EE-4C9A-AFE1-F0C8F4C6C051}.Debug|Any CPU.Build.0 = Debug|Any CPU
		{4D4083AF-75EE-4C9A-AFE1-F0C8F4C6C051}.Release|Any CPU.ActiveCfg = Release|Any CPU
		{4D4083AF-75EE-4C9A-AFE1-F0C8F4C6C051}.Release|Any CPU.Build.0 = Release|Any CPU
		{DD487AA9-8099-4AA7-8CB2-BAE3A2B5104D}.Debug|Any CPU.ActiveCfg = Debug|Any CPU
		{DD487AA9-8099-4AA7-8CB2-BAE3A2B5104D}.Debug|Any CPU.Build.0 = Debug|Any CPU
		{DD487AA9-8099-4AA7-8CB2-BAE3A2B5104D}.Release|Any CPU.ActiveCfg = Release|Any CPU
		{DD487AA9-8099-4AA7-8CB2-BAE3A2B5104D}.Release|Any CPU.Build.0 = Release|Any CPU
		{4B69BF41-5231-417B-9841-F2092C24B1D1}.Debug|Any CPU.ActiveCfg = Debug|Any CPU
		{4B69BF41-5231-417B-9841-F2092C24B1D1}.Debug|Any CPU.Build.0 = Debug|Any CPU
		{4B69BF41-5231-417B-9841-F2092C24B1D1}.Release|Any CPU.ActiveCfg = Release|Any CPU
		{4B69BF41-5231-417B-9841-F2092C24B1D1}.Release|Any CPU.Build.0 = Release|Any CPU
		{55D64BFF-0AFB-4878-B0AC-971FEE5B1BAD}.Debug|Any CPU.ActiveCfg = Debug|Any CPU
		{55D64BFF-0AFB-4878-B0AC-971FEE5B1BAD}.Debug|Any CPU.Build.0 = Debug|Any CPU
		{55D64BFF-0AFB-4878-B0AC-971FEE5B1BAD}.Release|Any CPU.ActiveCfg = Release|Any CPU
		{55D64BFF-0AFB-4878-B0AC-971FEE5B1BAD}.Release|Any CPU.Build.0 = Release|Any CPU
		{335B59E5-6C48-4BA8-A427-97B4812E6C42}.Debug|Any CPU.ActiveCfg = Debug|Any CPU
		{335B59E5-6C48-4BA8-A427-97B4812E6C42}.Debug|Any CPU.Build.0 = Debug|Any CPU
		{335B59E5-6C48-4BA8-A427-97B4812E6C42}.Release|Any CPU.ActiveCfg = Release|Any CPU
		{335B59E5-6C48-4BA8-A427-97B4812E6C42}.Release|Any CPU.Build.0 = Release|Any CPU
	EndGlobalSection
	GlobalSection(SolutionProperties) = preSolution
		HideSolutionNode = FALSE
	EndGlobalSection
	GlobalSection(NestedProjects) = preSolution
		{F6A54BA3-CF60-4751-A602-EF9639114CF9} = {BC2F0AA5-7058-473B-88C2-C42AFEF79BA1}
		{689C93D0-680F-44EF-89EE-03BD4711040B} = {5548201A-0CAB-47DA-9AF6-DAB2734F3F20}
		{1FDDD001-509E-43D1-A1F6-1ED118F4B796} = {5548201A-0CAB-47DA-9AF6-DAB2734F3F20}
		{DECE5A3E-34A2-4CB4-8CE5-0FAC388C1069} = {5548201A-0CAB-47DA-9AF6-DAB2734F3F20}
		{FD74DCC8-5805-4A95-9AEB-6CBAECEC3099} = {1B44D85D-D357-4BF4-90C7-902BB0700404}
		{1BFBC81B-E4A2-4F93-BA7F-0CE4AD1F5F9A} = {BC2F0AA5-7058-473B-88C2-C42AFEF79BA1}
		{E59FAF38-4394-4D29-837F-BAE706488021} = {A1F7177F-85C0-4053-AE7A-0FF70E2D77F4}
		{C33B004C-E787-43E0-AF9D-9B3998AEE1A7} = {206D225A-1300-4D2F-89DA-BD45C5CEE912}
		{8AB06E5A-4025-41D8-98E2-60B271508317} = {206D225A-1300-4D2F-89DA-BD45C5CEE912}
		{45DCB2B5-186D-4B7D-917C-E3780A9B8A19} = {A1F7177F-85C0-4053-AE7A-0FF70E2D77F4}
		{90C615AC-F71B-401E-BB5C-88B686150F56} = {1B44D85D-D357-4BF4-90C7-902BB0700404}
		{04A1CD2E-08DF-4D45-AA77-D924DD7ACEB7} = {1B44D85D-D357-4BF4-90C7-902BB0700404}
		{24F369B9-0FBD-4C1E-BD28-A0F7F87D6C18} = {BC2F0AA5-7058-473B-88C2-C42AFEF79BA1}
		{DFBF4F5B-A474-49C0-A149-349E2F9352BE} = {206D225A-1300-4D2F-89DA-BD45C5CEE912}
		{FB93F11E-3688-41B8-846F-8C6498DA6B8E} = {206D225A-1300-4D2F-89DA-BD45C5CEE912}
		{434313E6-7140-41B5-98CE-CDECCAA6D455} = {A1F7177F-85C0-4053-AE7A-0FF70E2D77F4}
		{76FFE23E-47D1-46B6-8EC3-6554361FBFB0} = {DECE5A3E-34A2-4CB4-8CE5-0FAC388C1069}
		{A51B3E7C-4C5E-4120-BBFC-5667736D7521} = {DECE5A3E-34A2-4CB4-8CE5-0FAC388C1069}
		{CFE8BE40-6DC0-44DE-BE79-F1C667CE0AC3} = {DECE5A3E-34A2-4CB4-8CE5-0FAC388C1069}
		{6443849F-D962-4034-94E5-5A4A727C2B01} = {DECE5A3E-34A2-4CB4-8CE5-0FAC388C1069}
		{1F1F4A79-265A-4FB1-8A9D-19CCAFB48B2C} = {F6A54BA3-CF60-4751-A602-EF9639114CF9}
		{96239D23-8094-4649-8B29-EDC7C04DAFBA} = {F6A54BA3-CF60-4751-A602-EF9639114CF9}
		{AF5D4930-BB9A-4232-BF15-F7A798BA73C0} = {F6A54BA3-CF60-4751-A602-EF9639114CF9}
		{B43A1F32-8301-4B0B-877D-1570C6A06674} = {A1F7177F-85C0-4053-AE7A-0FF70E2D77F4}
		{FCCB5726-D818-4816-9714-D323834CEBC9} = {5548201A-0CAB-47DA-9AF6-DAB2734F3F20}
		{C26AA376-8202-47A7-80AF-9CDA4042A5D8} = {689C93D0-680F-44EF-89EE-03BD4711040B}
		{EF6CE0B0-6C92-4285-A99C-433B2CEB17FE} = {689C93D0-680F-44EF-89EE-03BD4711040B}
		{DCED1EA8-6345-461C-A986-BE44318E99ED} = {5548201A-0CAB-47DA-9AF6-DAB2734F3F20}
		{10895DFA-14A7-4113-817A-E2AEF16AAC63} = {5548201A-0CAB-47DA-9AF6-DAB2734F3F20}
		{39A1B5D5-583A-4735-B897-9B5352C20E7E} = {5548201A-0CAB-47DA-9AF6-DAB2734F3F20}
		{76B912C7-386A-4579-8AD6-62ED2E658A78} = {5548201A-0CAB-47DA-9AF6-DAB2734F3F20}
		{4EC1AE43-C7F6-445C-9A33-2A9D19B7F3E0} = {5548201A-0CAB-47DA-9AF6-DAB2734F3F20}
		{953D2D42-A8E5-4059-A80F-891DD38B22D9} = {F6A54BA3-CF60-4751-A602-EF9639114CF9}
		{926AE5F2-B2A6-4C29-BCC3-77B1A4C12DAE} = {FD74DCC8-5805-4A95-9AEB-6CBAECEC3099}
		{D197AF32-D438-4010-8157-25390A21A07A} = {FD74DCC8-5805-4A95-9AEB-6CBAECEC3099}
		{09F0391F-331A-42E7-B813-118AD2ED571E} = {206D225A-1300-4D2F-89DA-BD45C5CEE912}
		{6E789E66-E658-44EC-9431-6FBC6B8D99F0} = {F6A54BA3-CF60-4751-A602-EF9639114CF9}
		{F202438B-27AB-4E58-B137-856363D29B16} = {1BFBC81B-E4A2-4F93-BA7F-0CE4AD1F5F9A}
		{4FFE4C8F-F9F5-44BE-A21F-C44F6087DFB1} = {5548201A-0CAB-47DA-9AF6-DAB2734F3F20}
		{22116AA2-D508-43FD-AB00-12A383D02C6B} = {5548201A-0CAB-47DA-9AF6-DAB2734F3F20}
		{4F40CE06-1468-48AD-B1C4-76D3008E8A44} = {F6A54BA3-CF60-4751-A602-EF9639114CF9}
		{52D50C16-1EC6-40ED-A35C-EBDB2FB87D1D} = {A1F7177F-85C0-4053-AE7A-0FF70E2D77F4}
		{3DE91B41-16C5-4FC3-87CD-363F9BB10D96} = {1BFBC81B-E4A2-4F93-BA7F-0CE4AD1F5F9A}
		{7A0CE541-DDFA-44AD-8D53-32AE5B306978} = {1BFBC81B-E4A2-4F93-BA7F-0CE4AD1F5F9A}
		{E383F358-C6E0-44CB-BAE2-14454E4D8D18} = {1BFBC81B-E4A2-4F93-BA7F-0CE4AD1F5F9A}
		{E2C06A29-E40A-4675-A166-1165F3FF4347} = {F6A54BA3-CF60-4751-A602-EF9639114CF9}
		{BFA89FC0-784B-4EB9-9162-CC818A5F8605} = {F6A54BA3-CF60-4751-A602-EF9639114CF9}
		{90E6BC44-E594-4B35-8850-C6542086C1F7} = {1BFBC81B-E4A2-4F93-BA7F-0CE4AD1F5F9A}
		{925B80B3-6850-431F-AB5E-D6959B9C5DBB} = {A1F7177F-85C0-4053-AE7A-0FF70E2D77F4}
		{F89A0460-73A4-4E0A-9367-D554BFBEC0B9} = {F6A54BA3-CF60-4751-A602-EF9639114CF9}
		{A7557304-001B-4CAE-A05F-196BFF7DBAEB} = {1BFBC81B-E4A2-4F93-BA7F-0CE4AD1F5F9A}
		{F2B40226-F66B-4384-B40E-29C1E4FC5547} = {1BFBC81B-E4A2-4F93-BA7F-0CE4AD1F5F9A}
		{B8DE912F-6691-4D6F-AA52-595D7BA31274} = {F6A54BA3-CF60-4751-A602-EF9639114CF9}
		{A41FF6E2-ED19-4CC8-AD29-B5E5BFDA2009} = {206D225A-1300-4D2F-89DA-BD45C5CEE912}
		{4D4083AF-75EE-4C9A-AFE1-F0C8F4C6C051} = {5548201A-0CAB-47DA-9AF6-DAB2734F3F20}
	EndGlobalSection
	GlobalSection(ExtensibilityGlobals) = postSolution
		SolutionGuid = {CDF27817-8B7B-48E5-9EAA-0A984036923C}
	EndGlobalSection
	GlobalSection(TestCaseManagementSettings) = postSolution
		CategoryFile = DistributedNetworkSolution.vsmdi
	EndGlobalSection
EndGlobal
