{
  "name": "popmednet",
  "version": "1.0.0",
  "lockfileVersion": 2,
  "requires": true,
  "packages": {
    "": {
      "name": "popmednet",
      "version": "1.0.0",
      "license": "ISC",
      "dependencies": {
        "lpp.dns.api": "file:Lpp.Dns.Api"
      },
      "devDependencies": {
        "@progress/kendo-licensing": "1.2.2",
        "@types/bootstrap": "3.4.0",
        "@types/history": "^4.7.8",
        "@types/jquery": "2.0.34",
        "@types/jquery.cookie": "^1.4.31",
        "@types/jquery.form": "^3.26.30",
        "@types/jqueryui": "1.9.27",
        "@types/kendo-ui": "2019.3.0",
        "@types/knockout": "^3.4.70",
        "@types/knockout.mapping": "^2.0.35",
        "@types/knockout.validation": "0.0.37",
        "@types/linq": "2.2.27",
        "@types/modernizr": "3.2.29",
        "@types/moment": "2.13.0",
        "@types/purl": "2.3.30",
        "@types/requirejs": "2.1.29",
        "@types/rx": "^4.1.2",
        "@types/signalr": "^2.2.35"
      }
    },
    "Lpp.Dns.Api": {
      "name": "lpp.dns.api",
      "version": "1.0.0",
      "license": "ISC"
    },
    "node_modules/@progress/kendo-licensing": {
      "version": "1.2.2",
      "resolved": "https://registry.npmjs.org/@progress/kendo-licensing/-/kendo-licensing-1.2.2.tgz",
      "integrity": "sha512-DUGwVHmaIFrGkKdO2NjajfNBrLc0Jo0o11WTmo9AkqWzMT+zAOu0D5aghnWGPkPg3e8+T5m9dEZvWPw4eJP4Sw==",
      "dev": true,
      "hasInstallScript": true,
      "dependencies": {
        "jsonwebtoken": "^8.5.1"
      },
      "bin": {
        "kendo-ui-license": "bin/kendo-ui-license.js"
      }
    },
    "node_modules/@types/bootstrap": {
      "version": "3.4.0",
      "resolved": "https://registry.npmjs.org/@types/bootstrap/-/bootstrap-3.4.0.tgz",
      "integrity": "sha512-LS05hVAAsX86qbHg7W+ydwBlNHrVCoFw6wEP3/uW4eYmRXl08bWmPeN/+onM+8qZTFfDgUlG/OItJI8SW972oQ==",
      "dev": true,
      "dependencies": {
        "@types/jquery": "*"
      }
    },
    "node_modules/@types/history": {
      "version": "4.7.8",
      "resolved": "https://registry.npmjs.org/@types/history/-/history-4.7.8.tgz",
      "integrity": "sha512-S78QIYirQcUoo6UJZx9CSP0O2ix9IaeAXwQi26Rhr/+mg7qqPy8TzaxHSUut7eGjL8WmLccT7/MXf304WjqHcA==",
      "dev": true
    },
    "node_modules/@types/jquery": {
      "version": "2.0.34",
      "resolved": "https://registry.npmjs.org/@types/jquery/-/jquery-2.0.34.tgz",
      "integrity": "sha1-J2FbNp8w5XIzYSZRTnRnLdpuPQQ=",
      "dev": true
    },
    "node_modules/@types/jquery.cookie": {
      "version": "1.4.31",
      "resolved": "https://registry.npmjs.org/@types/jquery.cookie/-/jquery.cookie-1.4.31.tgz",
      "integrity": "sha512-m0wfCAh9nrzZuFVhhxhyb6VwI8nLvM7bAY7VecXhmJ0krfVqWkWhy5wAdO41XfiMhRPDutIjHdT/UTuS8uzoKQ==",
      "dev": true,
      "dependencies": {
        "@types/jquery": "*"
      }
    },
    "node_modules/@types/jquery.form": {
      "version": "3.26.30",
      "resolved": "https://registry.npmjs.org/@types/jquery.form/-/jquery.form-3.26.30.tgz",
      "integrity": "sha512-LJZcG6DiuWZGroYaYmaZRRXg9q6ph0yWS0wxhWHuC1wsvBljV/L9INtrROZcNwLKZNtxVFgeWb8x49iufW9Z+w==",
      "dev": true,
      "dependencies": {
        "@types/jquery": "*"
      }
    },
    "node_modules/@types/jqueryui": {
      "version": "1.9.27",
      "resolved": "https://registry.npmjs.org/@types/jqueryui/-/jqueryui-1.9.27.tgz",
      "integrity": "sha1-0Pz2kw1Uv03FNAXj3GTPtxvLkQU=",
      "dev": true,
      "dependencies": {
        "@types/jquery": "1.10.*"
      }
    },
    "node_modules/@types/jqueryui/node_modules/@types/jquery": {
      "version": "1.10.39",
      "resolved": "https://registry.npmjs.org/@types/jquery/-/jquery-1.10.39.tgz",
      "integrity": "sha512-vY3MK/wp1XxEhXzmtFk0Ce5x2Y6PEVXz6hoCooe364O4OdFZVb5XT/qgHmflF/SHD0tDtCejvP9qolCYfX7XWA==",
      "dev": true
    },
    "node_modules/@types/kendo-ui": {
      "version": "2019.3.0",
      "resolved": "https://registry.npmjs.org/@types/kendo-ui/-/kendo-ui-2019.3.0.tgz",
      "integrity": "sha512-PO8YIUPzFvy7y/w9kGsemIiXH4z/MBTdXFM69CIDMEpkY5HOJ2uV9UWUbvh4UvptCiBw11HvY2tzN4Ykzan08g==",
      "dev": true,
      "dependencies": {
        "@types/jquery": "*"
      }
    },
    "node_modules/@types/knockout": {
      "version": "3.4.70",
      "resolved": "https://registry.npmjs.org/@types/knockout/-/knockout-3.4.70.tgz",
      "integrity": "sha512-rR5cvLWJFRExkAyyrSBfhgyWCzJUSz3Qwz2jPWP7l1R2oPpuqn8vgZGbCJxq9Hi4rBnrt3v+n2tNK6bIX+aCfQ==",
      "dev": true
    },
    "node_modules/@types/knockout.mapping": {
      "version": "2.0.35",
      "resolved": "https://registry.npmjs.org/@types/knockout.mapping/-/knockout.mapping-2.0.35.tgz",
      "integrity": "sha512-GP7AwHMdXYSrSgdGl1h2dFfTWtwis5uLOSqJ+28BBBRuzYVyb7wBbI/PtF2UQR8ck2Du2JVnpiKgWHDgqEhuyQ==",
      "dev": true,
      "dependencies": {
        "@types/knockout": "*"
      }
    },
    "node_modules/@types/knockout.validation": {
      "version": "0.0.37",
      "resolved": "https://registry.npmjs.org/@types/knockout.validation/-/knockout.validation-0.0.37.tgz",
      "integrity": "sha512-GfoBKVhOAT5S0AXU6O93qO/Q4g1oqcv1U2aHW/QSzdZSZlPvxKp1com4OOYwih4rjY59GoCWXh5MSZm6BVZSdg==",
      "dev": true,
      "dependencies": {
        "@types/knockout": "*"
      }
    },
    "node_modules/@types/linq": {
      "version": "2.2.27",
      "resolved": "https://registry.npmjs.org/@types/linq/-/linq-2.2.27.tgz",
      "integrity": "sha1-Y3WfaXUVYIWAKVn2Rb1A/TjDpMo=",
      "dev": true
    },
    "node_modules/@types/modernizr": {
      "version": "3.2.29",
      "resolved": "https://registry.npmjs.org/@types/modernizr/-/modernizr-3.2.29.tgz",
      "integrity": "sha1-AYKVKSIUQ5VxXGTdX4b9NsGuvr4=",
      "dev": true
    },
    "node_modules/@types/moment": {
      "version": "2.13.0",
      "resolved": "https://registry.npmjs.org/@types/moment/-/moment-2.13.0.tgz",
      "integrity": "sha1-YE69GJvDvDShVIaJQE5hoqSqyJY=",
      "deprecated": "This is a stub types definition for Moment (https://github.com/moment/moment). Moment provides its own type definitions, so you don't need @types/moment installed!",
      "dev": true,
      "dependencies": {
        "moment": "*"
      }
    },
    "node_modules/@types/purl": {
      "version": "2.3.30",
      "resolved": "https://registry.npmjs.org/@types/purl/-/purl-2.3.30.tgz",
      "integrity": "sha512-yo/wS4fGyvNaSdP9x4ve9M2g0JPbtChVsNBArSRn4WmcI/AwkTydBo4NVO+JSlqq84JIEoza2MUdtmFwaVAeTQ==",
      "dev": true,
      "dependencies": {
        "@types/jquery": "*"
      }
    },
    "node_modules/@types/requirejs": {
      "version": "2.1.29",
      "resolved": "https://registry.npmjs.org/@types/requirejs/-/requirejs-2.1.29.tgz",
      "integrity": "sha1-vEi8gzwHnCwkumr7ym06A7P04vM=",
      "dev": true
    },
    "node_modules/@types/rx": {
      "version": "4.1.2",
      "resolved": "https://registry.npmjs.org/@types/rx/-/rx-4.1.2.tgz",
      "integrity": "sha512-1r8ZaT26Nigq7o4UBGl+aXB2UMFUIdLPP/8bLIP0x3d0pZL46ybKKjhWKaJQWIkLl5QCLD0nK3qTOO1QkwdFaA==",
      "dev": true,
      "dependencies": {
        "@types/rx-core": "*",
        "@types/rx-core-binding": "*",
        "@types/rx-lite": "*",
        "@types/rx-lite-aggregates": "*",
        "@types/rx-lite-async": "*",
        "@types/rx-lite-backpressure": "*",
        "@types/rx-lite-coincidence": "*",
        "@types/rx-lite-experimental": "*",
        "@types/rx-lite-joinpatterns": "*",
        "@types/rx-lite-testing": "*",
        "@types/rx-lite-time": "*",
        "@types/rx-lite-virtualtime": "*"
      }
    },
    "node_modules/@types/rx-core": {
      "version": "4.0.3",
      "resolved": "https://registry.npmjs.org/@types/rx-core/-/rx-core-4.0.3.tgz",
      "integrity": "sha1-CzNUsSOM7b4rdPYybxOdvHpZHWA=",
      "dev": true
    },
    "node_modules/@types/rx-core-binding": {
      "version": "4.0.4",
      "resolved": "https://registry.npmjs.org/@types/rx-core-binding/-/rx-core-binding-4.0.4.tgz",
      "integrity": "sha512-5pkfxnC4w810LqBPUwP5bg7SFR/USwhMSaAeZQQbEHeBp57pjKXRlXmqpMrLJB4y1oglR/c2502853uN0I+DAQ==",
      "dev": true,
      "dependencies": {
        "@types/rx-core": "*"
      }
    },
    "node_modules/@types/rx-lite": {
      "version": "4.0.6",
      "resolved": "https://registry.npmjs.org/@types/rx-lite/-/rx-lite-4.0.6.tgz",
      "integrity": "sha512-oYiDrFIcor9zDm0VDUca1UbROiMYBxMLMaM6qzz4ADAfOmA9r1dYEcAFH+2fsPI5BCCjPvV9pWC3X3flbrvs7w==",
      "dev": true,
      "dependencies": {
        "@types/rx-core": "*",
        "@types/rx-core-binding": "*"
      }
    },
    "node_modules/@types/rx-lite-aggregates": {
      "version": "4.0.3",
      "resolved": "https://registry.npmjs.org/@types/rx-lite-aggregates/-/rx-lite-aggregates-4.0.3.tgz",
      "integrity": "sha512-MAGDAHy8cRatm94FDduhJF+iNS5//jrZ/PIfm+QYw9OCeDgbymFHChM8YVIvN2zArwsRftKgE33QfRWvQk4DPg==",
      "dev": true,
      "dependencies": {
        "@types/rx-lite": "*"
      }
    },
    "node_modules/@types/rx-lite-async": {
      "version": "4.0.2",
      "resolved": "https://registry.npmjs.org/@types/rx-lite-async/-/rx-lite-async-4.0.2.tgz",
      "integrity": "sha512-vTEv5o8l6702ZwfAM5aOeVDfUwBSDOs+ARoGmWAKQ6LOInQ8J4/zjM7ov12fuTpktUKdMQjkeCp07Vd73mPkxw==",
      "dev": true,
      "dependencies": {
        "@types/rx-lite": "*"
      }
    },
    "node_modules/@types/rx-lite-backpressure": {
      "version": "4.0.3",
      "resolved": "https://registry.npmjs.org/@types/rx-lite-backpressure/-/rx-lite-backpressure-4.0.3.tgz",
      "integrity": "sha512-Y6aIeQCtNban5XSAF4B8dffhIKu6aAy/TXFlScHzSxh6ivfQBQw6UjxyEJxIOt3IT49YkS+siuayM2H/Q0cmgA==",
      "dev": true,
      "dependencies": {
        "@types/rx-lite": "*"
      }
    },
    "node_modules/@types/rx-lite-coincidence": {
      "version": "4.0.3",
      "resolved": "https://registry.npmjs.org/@types/rx-lite-coincidence/-/rx-lite-coincidence-4.0.3.tgz",
      "integrity": "sha512-1VNJqzE9gALUyMGypDXZZXzR0Tt7LC9DdAZQ3Ou/Q0MubNU35agVUNXKGHKpNTba+fr8GdIdkC26bRDqtCQBeQ==",
      "dev": true,
      "dependencies": {
        "@types/rx-lite": "*"
      }
    },
    "node_modules/@types/rx-lite-experimental": {
      "version": "4.0.1",
      "resolved": "https://registry.npmjs.org/@types/rx-lite-experimental/-/rx-lite-experimental-4.0.1.tgz",
      "integrity": "sha1-xTL1y98/LBXaFt7Ykw0bKYQCPL0=",
      "dev": true,
      "dependencies": {
        "@types/rx-lite": "*"
      }
    },
    "node_modules/@types/rx-lite-joinpatterns": {
      "version": "4.0.1",
      "resolved": "https://registry.npmjs.org/@types/rx-lite-joinpatterns/-/rx-lite-joinpatterns-4.0.1.tgz",
      "integrity": "sha1-9w/jcFGKhDLykVjMkv+1a05K/D4=",
      "dev": true,
      "dependencies": {
        "@types/rx-lite": "*"
      }
    },
    "node_modules/@types/rx-lite-testing": {
      "version": "4.0.1",
      "resolved": "https://registry.npmjs.org/@types/rx-lite-testing/-/rx-lite-testing-4.0.1.tgz",
      "integrity": "sha1-IbGdEfTf1v/vWp0WSOnIh5v+Iek=",
      "dev": true,
      "dependencies": {
        "@types/rx-lite-virtualtime": "*"
      }
    },
    "node_modules/@types/rx-lite-time": {
      "version": "4.0.3",
      "resolved": "https://registry.npmjs.org/@types/rx-lite-time/-/rx-lite-time-4.0.3.tgz",
      "integrity": "sha512-ukO5sPKDRwCGWRZRqPlaAU0SKVxmWwSjiOrLhoQDoWxZWg6vyB9XLEZViKOzIO6LnTIQBlk4UylYV0rnhJLxQw==",
      "dev": true,
      "dependencies": {
        "@types/rx-lite": "*"
      }
    },
    "node_modules/@types/rx-lite-virtualtime": {
      "version": "4.0.3",
      "resolved": "https://registry.npmjs.org/@types/rx-lite-virtualtime/-/rx-lite-virtualtime-4.0.3.tgz",
      "integrity": "sha512-3uC6sGmjpOKatZSVHI2xB1+dedgml669ZRvqxy+WqmGJDVusOdyxcKfyzjW0P3/GrCiN4nmRkLVMhPwHCc5QLg==",
      "dev": true,
      "dependencies": {
        "@types/rx-lite": "*"
      }
    },
    "node_modules/@types/signalr": {
      "version": "2.2.36",
      "resolved": "https://registry.npmjs.org/@types/signalr/-/signalr-2.2.36.tgz",
      "integrity": "sha512-XuAQ3bCNpL3OBcxObrUmkPPquOkT6QCnm6FPbOY+9Kh9HzbjdhT9zLqAB11GAMJtyfRJksPt52w5FmjSZt/xTQ==",
      "dev": true,
      "dependencies": {
        "@types/jquery": "*"
      }
    },
    "node_modules/buffer-equal-constant-time": {
      "version": "1.0.1",
      "resolved": "https://registry.npmjs.org/buffer-equal-constant-time/-/buffer-equal-constant-time-1.0.1.tgz",
      "integrity": "sha1-+OcRMvf/5uAaXJaXpMbz5I1cyBk=",
      "dev": true
    },
    "node_modules/ecdsa-sig-formatter": {
      "version": "1.0.11",
      "resolved": "https://registry.npmjs.org/ecdsa-sig-formatter/-/ecdsa-sig-formatter-1.0.11.tgz",
      "integrity": "sha512-nagl3RYrbNv6kQkeJIpt6NJZy8twLB/2vtz6yN9Z4vRKHN4/QZJIEbqohALSgwKdnksuY3k5Addp5lg8sVoVcQ==",
      "dev": true,
      "dependencies": {
        "safe-buffer": "^5.0.1"
      }
    },
    "node_modules/jsonwebtoken": {
      "version": "8.5.1",
      "resolved": "https://registry.npmjs.org/jsonwebtoken/-/jsonwebtoken-8.5.1.tgz",
      "integrity": "sha512-XjwVfRS6jTMsqYs0EsuJ4LGxXV14zQybNd4L2r0UvbVnSF9Af8x7p5MzbJ90Ioz/9TI41/hTCvznF/loiSzn8w==",
      "dev": true,
      "dependencies": {
        "jws": "^3.2.2",
        "lodash.includes": "^4.3.0",
        "lodash.isboolean": "^3.0.3",
        "lodash.isinteger": "^4.0.4",
        "lodash.isnumber": "^3.0.3",
        "lodash.isplainobject": "^4.0.6",
        "lodash.isstring": "^4.0.1",
        "lodash.once": "^4.0.0",
        "ms": "^2.1.1",
        "semver": "^5.6.0"
      },
      "engines": {
        "node": ">=4",
        "npm": ">=1.4.28"
      }
    },
    "node_modules/jwa": {
      "version": "1.4.1",
      "resolved": "https://registry.npmjs.org/jwa/-/jwa-1.4.1.tgz",
      "integrity": "sha512-qiLX/xhEEFKUAJ6FiBMbes3w9ATzyk5W7Hvzpa/SLYdxNtng+gcurvrI7TbACjIXlsJyr05/S1oUhZrc63evQA==",
      "dev": true,
      "dependencies": {
        "buffer-equal-constant-time": "1.0.1",
        "ecdsa-sig-formatter": "1.0.11",
        "safe-buffer": "^5.0.1"
      }
    },
    "node_modules/jws": {
      "version": "3.2.2",
      "resolved": "https://registry.npmjs.org/jws/-/jws-3.2.2.tgz",
      "integrity": "sha512-YHlZCB6lMTllWDtSPHz/ZXTsi8S00usEV6v1tjq8tOUZzw7DpSDWVXjXDre6ed1w/pd495ODpHZYSdkRTsa0HA==",
      "dev": true,
      "dependencies": {
        "jwa": "^1.4.1",
        "safe-buffer": "^5.0.1"
      }
    },
    "node_modules/lodash.includes": {
      "version": "4.3.0",
      "resolved": "https://registry.npmjs.org/lodash.includes/-/lodash.includes-4.3.0.tgz",
      "integrity": "sha1-YLuYqHy5I8aMoeUTJUgzFISfVT8=",
      "dev": true
    },
    "node_modules/lodash.isboolean": {
      "version": "3.0.3",
      "resolved": "https://registry.npmjs.org/lodash.isboolean/-/lodash.isboolean-3.0.3.tgz",
      "integrity": "sha1-bC4XHbKiV82WgC/UOwGyDV9YcPY=",
      "dev": true
    },
    "node_modules/lodash.isinteger": {
      "version": "4.0.4",
      "resolved": "https://registry.npmjs.org/lodash.isinteger/-/lodash.isinteger-4.0.4.tgz",
      "integrity": "sha1-YZwK89A/iwTDH1iChAt3sRzWg0M=",
      "dev": true
    },
    "node_modules/lodash.isnumber": {
      "version": "3.0.3",
      "resolved": "https://registry.npmjs.org/lodash.isnumber/-/lodash.isnumber-3.0.3.tgz",
      "integrity": "sha1-POdoEMWSjQM1IwGsKHMX8RwLH/w=",
      "dev": true
    },
    "node_modules/lodash.isplainobject": {
      "version": "4.0.6",
      "resolved": "https://registry.npmjs.org/lodash.isplainobject/-/lodash.isplainobject-4.0.6.tgz",
      "integrity": "sha1-fFJqUtibRcRcxpC4gWO+BJf1UMs=",
      "dev": true
    },
    "node_modules/lodash.isstring": {
      "version": "4.0.1",
      "resolved": "https://registry.npmjs.org/lodash.isstring/-/lodash.isstring-4.0.1.tgz",
      "integrity": "sha1-1SfftUVuynzJu5XV2ur4i6VKVFE=",
      "dev": true
    },
    "node_modules/lodash.once": {
      "version": "4.1.1",
      "resolved": "https://registry.npmjs.org/lodash.once/-/lodash.once-4.1.1.tgz",
      "integrity": "sha1-DdOXEhPHxW34gJd9UEyI+0cal6w=",
      "dev": true
    },
    "node_modules/lpp.dns.api": {
      "resolved": "Lpp.Dns.Api",
      "link": true
    },
    "node_modules/moment": {
      "version": "2.29.4",
      "resolved": "https://registry.npmjs.org/moment/-/moment-2.29.4.tgz",
      "integrity": "sha512-5LC9SOxjSc2HF6vO2CyuTDNivEdoz2IvyJJGj6X8DJ0eFyfszE0QiEd+iXmBvUP3WHxSjFH/vIsA0EN00cgr8w==",
      "dev": true,
      "engines": {
        "node": "*"
      }
    },
    "node_modules/ms": {
      "version": "2.1.3",
      "resolved": "https://registry.npmjs.org/ms/-/ms-2.1.3.tgz",
      "integrity": "sha512-6FlzubTLZG3J2a/NVCAleEhjzq5oxgHyaCU9yYXvcLsvoVaHJq/s5xXI6/XXP6tz7R9xAOtHnSO/tXtF3WRTlA==",
      "dev": true
    },
    "node_modules/safe-buffer": {
      "version": "5.2.1",
      "resolved": "https://registry.npmjs.org/safe-buffer/-/safe-buffer-5.2.1.tgz",
      "integrity": "sha512-rp3So07KcdmmKbGvgaNxQSJr7bGVSVk5S9Eq1F+ppbRo70+YeaDxkw5Dd8NPN+GD6bjnYm2VuPuCXmpuYvmCXQ==",
      "dev": true,
      "funding": [
        {
          "type": "github",
          "url": "https://github.com/sponsors/feross"
        },
        {
          "type": "patreon",
          "url": "https://www.patreon.com/feross"
        },
        {
          "type": "consulting",
          "url": "https://feross.org/support"
        }
      ]
    },
    "node_modules/semver": {
      "version": "5.7.1",
      "resolved": "https://registry.npmjs.org/semver/-/semver-5.7.1.tgz",
      "integrity": "sha512-sauaDf/PZdVgrLTNYHRtpXa1iRiKcaebiKQ1BJdpQlWH2lCvexQdX55snPFyK7QzpudqbCI0qXFfOasHdyNDGQ==",
      "dev": true,
      "bin": {
        "semver": "bin/semver"
      }
    }
  },
  "dependencies": {
    "@progress/kendo-licensing": {
      "version": "1.2.2",
      "resolved": "https://registry.npmjs.org/@progress/kendo-licensing/-/kendo-licensing-1.2.2.tgz",
      "integrity": "sha512-DUGwVHmaIFrGkKdO2NjajfNBrLc0Jo0o11WTmo9AkqWzMT+zAOu0D5aghnWGPkPg3e8+T5m9dEZvWPw4eJP4Sw==",
      "dev": true,
      "requires": {
        "jsonwebtoken": "^8.5.1"
      }
    },
    "@types/bootstrap": {
      "version": "3.4.0",
      "resolved": "https://registry.npmjs.org/@types/bootstrap/-/bootstrap-3.4.0.tgz",
      "integrity": "sha512-LS05hVAAsX86qbHg7W+ydwBlNHrVCoFw6wEP3/uW4eYmRXl08bWmPeN/+onM+8qZTFfDgUlG/OItJI8SW972oQ==",
      "dev": true,
      "requires": {
        "@types/jquery": "*"
      }
    },
    "@types/history": {
      "version": "4.7.8",
      "resolved": "https://registry.npmjs.org/@types/history/-/history-4.7.8.tgz",
      "integrity": "sha512-S78QIYirQcUoo6UJZx9CSP0O2ix9IaeAXwQi26Rhr/+mg7qqPy8TzaxHSUut7eGjL8WmLccT7/MXf304WjqHcA==",
      "dev": true
    },
    "@types/jquery": {
      "version": "2.0.34",
      "resolved": "https://registry.npmjs.org/@types/jquery/-/jquery-2.0.34.tgz",
      "integrity": "sha1-J2FbNp8w5XIzYSZRTnRnLdpuPQQ=",
      "dev": true
    },
    "@types/jquery.cookie": {
      "version": "1.4.31",
      "resolved": "https://registry.npmjs.org/@types/jquery.cookie/-/jquery.cookie-1.4.31.tgz",
      "integrity": "sha512-m0wfCAh9nrzZuFVhhxhyb6VwI8nLvM7bAY7VecXhmJ0krfVqWkWhy5wAdO41XfiMhRPDutIjHdT/UTuS8uzoKQ==",
      "dev": true,
      "requires": {
        "@types/jquery": "*"
      }
    },
    "@types/jquery.form": {
      "version": "3.26.30",
      "resolved": "https://registry.npmjs.org/@types/jquery.form/-/jquery.form-3.26.30.tgz",
      "integrity": "sha512-LJZcG6DiuWZGroYaYmaZRRXg9q6ph0yWS0wxhWHuC1wsvBljV/L9INtrROZcNwLKZNtxVFgeWb8x49iufW9Z+w==",
      "dev": true,
      "requires": {
        "@types/jquery": "*"
      }
    },
    "@types/jqueryui": {
      "version": "1.9.27",
      "resolved": "https://registry.npmjs.org/@types/jqueryui/-/jqueryui-1.9.27.tgz",
      "integrity": "sha1-0Pz2kw1Uv03FNAXj3GTPtxvLkQU=",
      "dev": true,
      "requires": {
        "@types/jquery": "1.10.*"
      },
      "dependencies": {
        "@types/jquery": {
          "version": "1.10.39",
          "resolved": "https://registry.npmjs.org/@types/jquery/-/jquery-1.10.39.tgz",
          "integrity": "sha512-vY3MK/wp1XxEhXzmtFk0Ce5x2Y6PEVXz6hoCooe364O4OdFZVb5XT/qgHmflF/SHD0tDtCejvP9qolCYfX7XWA==",
          "dev": true
        }
      }
    },
    "@types/kendo-ui": {
      "version": "2019.3.0",
      "resolved": "https://registry.npmjs.org/@types/kendo-ui/-/kendo-ui-2019.3.0.tgz",
      "integrity": "sha512-PO8YIUPzFvy7y/w9kGsemIiXH4z/MBTdXFM69CIDMEpkY5HOJ2uV9UWUbvh4UvptCiBw11HvY2tzN4Ykzan08g==",
      "dev": true,
      "requires": {
        "@types/jquery": "*"
      }
    },
    "@types/knockout": {
      "version": "3.4.70",
      "resolved": "https://registry.npmjs.org/@types/knockout/-/knockout-3.4.70.tgz",
      "integrity": "sha512-rR5cvLWJFRExkAyyrSBfhgyWCzJUSz3Qwz2jPWP7l1R2oPpuqn8vgZGbCJxq9Hi4rBnrt3v+n2tNK6bIX+aCfQ==",
      "dev": true
    },
    "@types/knockout.mapping": {
      "version": "2.0.35",
      "resolved": "https://registry.npmjs.org/@types/knockout.mapping/-/knockout.mapping-2.0.35.tgz",
      "integrity": "sha512-GP7AwHMdXYSrSgdGl1h2dFfTWtwis5uLOSqJ+28BBBRuzYVyb7wBbI/PtF2UQR8ck2Du2JVnpiKgWHDgqEhuyQ==",
      "dev": true,
      "requires": {
        "@types/knockout": "*"
      }
    },
    "@types/knockout.validation": {
      "version": "0.0.37",
      "resolved": "https://registry.npmjs.org/@types/knockout.validation/-/knockout.validation-0.0.37.tgz",
      "integrity": "sha512-GfoBKVhOAT5S0AXU6O93qO/Q4g1oqcv1U2aHW/QSzdZSZlPvxKp1com4OOYwih4rjY59GoCWXh5MSZm6BVZSdg==",
      "dev": true,
      "requires": {
        "@types/knockout": "*"
      }
    },
    "@types/linq": {
      "version": "2.2.27",
      "resolved": "https://registry.npmjs.org/@types/linq/-/linq-2.2.27.tgz",
      "integrity": "sha1-Y3WfaXUVYIWAKVn2Rb1A/TjDpMo=",
      "dev": true
    },
    "@types/modernizr": {
      "version": "3.2.29",
      "resolved": "https://registry.npmjs.org/@types/modernizr/-/modernizr-3.2.29.tgz",
      "integrity": "sha1-AYKVKSIUQ5VxXGTdX4b9NsGuvr4=",
      "dev": true
    },
    "@types/moment": {
      "version": "2.13.0",
      "resolved": "https://registry.npmjs.org/@types/moment/-/moment-2.13.0.tgz",
      "integrity": "sha1-YE69GJvDvDShVIaJQE5hoqSqyJY=",
      "dev": true,
      "requires": {
        "moment": "*"
      }
    },
    "@types/purl": {
      "version": "2.3.30",
      "resolved": "https://registry.npmjs.org/@types/purl/-/purl-2.3.30.tgz",
      "integrity": "sha512-yo/wS4fGyvNaSdP9x4ve9M2g0JPbtChVsNBArSRn4WmcI/AwkTydBo4NVO+JSlqq84JIEoza2MUdtmFwaVAeTQ==",
      "dev": true,
      "requires": {
        "@types/jquery": "*"
      }
    },
    "@types/requirejs": {
      "version": "2.1.29",
      "resolved": "https://registry.npmjs.org/@types/requirejs/-/requirejs-2.1.29.tgz",
      "integrity": "sha1-vEi8gzwHnCwkumr7ym06A7P04vM=",
      "dev": true
    },
    "@types/rx": {
      "version": "4.1.2",
      "resolved": "https://registry.npmjs.org/@types/rx/-/rx-4.1.2.tgz",
      "integrity": "sha512-1r8ZaT26Nigq7o4UBGl+aXB2UMFUIdLPP/8bLIP0x3d0pZL46ybKKjhWKaJQWIkLl5QCLD0nK3qTOO1QkwdFaA==",
      "dev": true,
      "requires": {
        "@types/rx-core": "*",
        "@types/rx-core-binding": "*",
        "@types/rx-lite": "*",
        "@types/rx-lite-aggregates": "*",
        "@types/rx-lite-async": "*",
        "@types/rx-lite-backpressure": "*",
        "@types/rx-lite-coincidence": "*",
        "@types/rx-lite-experimental": "*",
        "@types/rx-lite-joinpatterns": "*",
        "@types/rx-lite-testing": "*",
        "@types/rx-lite-time": "*",
        "@types/rx-lite-virtualtime": "*"
      }
    },
    "@types/rx-core": {
      "version": "4.0.3",
      "resolved": "https://registry.npmjs.org/@types/rx-core/-/rx-core-4.0.3.tgz",
      "integrity": "sha1-CzNUsSOM7b4rdPYybxOdvHpZHWA=",
      "dev": true
    },
    "@types/rx-core-binding": {
      "version": "4.0.4",
      "resolved": "https://registry.npmjs.org/@types/rx-core-binding/-/rx-core-binding-4.0.4.tgz",
      "integrity": "sha512-5pkfxnC4w810LqBPUwP5bg7SFR/USwhMSaAeZQQbEHeBp57pjKXRlXmqpMrLJB4y1oglR/c2502853uN0I+DAQ==",
      "dev": true,
      "requires": {
        "@types/rx-core": "*"
      }
    },
    "@types/rx-lite": {
      "version": "4.0.6",
      "resolved": "https://registry.npmjs.org/@types/rx-lite/-/rx-lite-4.0.6.tgz",
      "integrity": "sha512-oYiDrFIcor9zDm0VDUca1UbROiMYBxMLMaM6qzz4ADAfOmA9r1dYEcAFH+2fsPI5BCCjPvV9pWC3X3flbrvs7w==",
      "dev": true,
      "requires": {
        "@types/rx-core": "*",
        "@types/rx-core-binding": "*"
      }
    },
    "@types/rx-lite-aggregates": {
      "version": "4.0.3",
      "resolved": "https://registry.npmjs.org/@types/rx-lite-aggregates/-/rx-lite-aggregates-4.0.3.tgz",
      "integrity": "sha512-MAGDAHy8cRatm94FDduhJF+iNS5//jrZ/PIfm+QYw9OCeDgbymFHChM8YVIvN2zArwsRftKgE33QfRWvQk4DPg==",
      "dev": true,
      "requires": {
        "@types/rx-lite": "*"
      }
    },
    "@types/rx-lite-async": {
      "version": "4.0.2",
      "resolved": "https://registry.npmjs.org/@types/rx-lite-async/-/rx-lite-async-4.0.2.tgz",
      "integrity": "sha512-vTEv5o8l6702ZwfAM5aOeVDfUwBSDOs+ARoGmWAKQ6LOInQ8J4/zjM7ov12fuTpktUKdMQjkeCp07Vd73mPkxw==",
      "dev": true,
      "requires": {
        "@types/rx-lite": "*"
      }
    },
    "@types/rx-lite-backpressure": {
      "version": "4.0.3",
      "resolved": "https://registry.npmjs.org/@types/rx-lite-backpressure/-/rx-lite-backpressure-4.0.3.tgz",
      "integrity": "sha512-Y6aIeQCtNban5XSAF4B8dffhIKu6aAy/TXFlScHzSxh6ivfQBQw6UjxyEJxIOt3IT49YkS+siuayM2H/Q0cmgA==",
      "dev": true,
      "requires": {
        "@types/rx-lite": "*"
      }
    },
    "@types/rx-lite-coincidence": {
      "version": "4.0.3",
      "resolved": "https://registry.npmjs.org/@types/rx-lite-coincidence/-/rx-lite-coincidence-4.0.3.tgz",
      "integrity": "sha512-1VNJqzE9gALUyMGypDXZZXzR0Tt7LC9DdAZQ3Ou/Q0MubNU35agVUNXKGHKpNTba+fr8GdIdkC26bRDqtCQBeQ==",
      "dev": true,
      "requires": {
        "@types/rx-lite": "*"
      }
    },
    "@types/rx-lite-experimental": {
      "version": "4.0.1",
      "resolved": "https://registry.npmjs.org/@types/rx-lite-experimental/-/rx-lite-experimental-4.0.1.tgz",
      "integrity": "sha1-xTL1y98/LBXaFt7Ykw0bKYQCPL0=",
      "dev": true,
      "requires": {
        "@types/rx-lite": "*"
      }
    },
    "@types/rx-lite-joinpatterns": {
      "version": "4.0.1",
      "resolved": "https://registry.npmjs.org/@types/rx-lite-joinpatterns/-/rx-lite-joinpatterns-4.0.1.tgz",
      "integrity": "sha1-9w/jcFGKhDLykVjMkv+1a05K/D4=",
      "dev": true,
      "requires": {
        "@types/rx-lite": "*"
      }
    },
    "@types/rx-lite-testing": {
      "version": "4.0.1",
      "resolved": "https://registry.npmjs.org/@types/rx-lite-testing/-/rx-lite-testing-4.0.1.tgz",
      "integrity": "sha1-IbGdEfTf1v/vWp0WSOnIh5v+Iek=",
      "dev": true,
      "requires": {
        "@types/rx-lite-virtualtime": "*"
      }
    },
    "@types/rx-lite-time": {
      "version": "4.0.3",
      "resolved": "https://registry.npmjs.org/@types/rx-lite-time/-/rx-lite-time-4.0.3.tgz",
      "integrity": "sha512-ukO5sPKDRwCGWRZRqPlaAU0SKVxmWwSjiOrLhoQDoWxZWg6vyB9XLEZViKOzIO6LnTIQBlk4UylYV0rnhJLxQw==",
      "dev": true,
      "requires": {
        "@types/rx-lite": "*"
      }
    },
    "@types/rx-lite-virtualtime": {
      "version": "4.0.3",
      "resolved": "https://registry.npmjs.org/@types/rx-lite-virtualtime/-/rx-lite-virtualtime-4.0.3.tgz",
      "integrity": "sha512-3uC6sGmjpOKatZSVHI2xB1+dedgml669ZRvqxy+WqmGJDVusOdyxcKfyzjW0P3/GrCiN4nmRkLVMhPwHCc5QLg==",
      "dev": true,
      "requires": {
        "@types/rx-lite": "*"
      }
    },
    "@types/signalr": {
      "version": "2.2.36",
      "resolved": "https://registry.npmjs.org/@types/signalr/-/signalr-2.2.36.tgz",
      "integrity": "sha512-XuAQ3bCNpL3OBcxObrUmkPPquOkT6QCnm6FPbOY+9Kh9HzbjdhT9zLqAB11GAMJtyfRJksPt52w5FmjSZt/xTQ==",
      "dev": true,
      "requires": {
        "@types/jquery": "*"
      }
    },
    "buffer-equal-constant-time": {
      "version": "1.0.1",
      "resolved": "https://registry.npmjs.org/buffer-equal-constant-time/-/buffer-equal-constant-time-1.0.1.tgz",
      "integrity": "sha1-+OcRMvf/5uAaXJaXpMbz5I1cyBk=",
      "dev": true
    },
    "ecdsa-sig-formatter": {
      "version": "1.0.11",
      "resolved": "https://registry.npmjs.org/ecdsa-sig-formatter/-/ecdsa-sig-formatter-1.0.11.tgz",
      "integrity": "sha512-nagl3RYrbNv6kQkeJIpt6NJZy8twLB/2vtz6yN9Z4vRKHN4/QZJIEbqohALSgwKdnksuY3k5Addp5lg8sVoVcQ==",
      "dev": true,
      "requires": {
        "safe-buffer": "^5.0.1"
      }
    },
    "jsonwebtoken": {
      "version": "8.5.1",
      "resolved": "https://registry.npmjs.org/jsonwebtoken/-/jsonwebtoken-8.5.1.tgz",
      "integrity": "sha512-XjwVfRS6jTMsqYs0EsuJ4LGxXV14zQybNd4L2r0UvbVnSF9Af8x7p5MzbJ90Ioz/9TI41/hTCvznF/loiSzn8w==",
      "dev": true,
      "requires": {
        "jws": "^3.2.2",
        "lodash.includes": "^4.3.0",
        "lodash.isboolean": "^3.0.3",
        "lodash.isinteger": "^4.0.4",
        "lodash.isnumber": "^3.0.3",
        "lodash.isplainobject": "^4.0.6",
        "lodash.isstring": "^4.0.1",
        "lodash.once": "^4.0.0",
        "ms": "^2.1.1",
        "semver": "^5.6.0"
      }
    },
    "jwa": {
      "version": "1.4.1",
      "resolved": "https://registry.npmjs.org/jwa/-/jwa-1.4.1.tgz",
      "integrity": "sha512-qiLX/xhEEFKUAJ6FiBMbes3w9ATzyk5W7Hvzpa/SLYdxNtng+gcurvrI7TbACjIXlsJyr05/S1oUhZrc63evQA==",
      "dev": true,
      "requires": {
        "buffer-equal-constant-time": "1.0.1",
        "ecdsa-sig-formatter": "1.0.11",
        "safe-buffer": "^5.0.1"
      }
    },
    "jws": {
      "version": "3.2.2",
      "resolved": "https://registry.npmjs.org/jws/-/jws-3.2.2.tgz",
      "integrity": "sha512-YHlZCB6lMTllWDtSPHz/ZXTsi8S00usEV6v1tjq8tOUZzw7DpSDWVXjXDre6ed1w/pd495ODpHZYSdkRTsa0HA==",
      "dev": true,
      "requires": {
        "jwa": "^1.4.1",
        "safe-buffer": "^5.0.1"
      }
    },
    "lodash.includes": {
      "version": "4.3.0",
      "resolved": "https://registry.npmjs.org/lodash.includes/-/lodash.includes-4.3.0.tgz",
      "integrity": "sha1-YLuYqHy5I8aMoeUTJUgzFISfVT8=",
      "dev": true
    },
    "lodash.isboolean": {
      "version": "3.0.3",
      "resolved": "https://registry.npmjs.org/lodash.isboolean/-/lodash.isboolean-3.0.3.tgz",
      "integrity": "sha1-bC4XHbKiV82WgC/UOwGyDV9YcPY=",
      "dev": true
    },
    "lodash.isinteger": {
      "version": "4.0.4",
      "resolved": "https://registry.npmjs.org/lodash.isinteger/-/lodash.isinteger-4.0.4.tgz",
      "integrity": "sha1-YZwK89A/iwTDH1iChAt3sRzWg0M=",
      "dev": true
    },
    "lodash.isnumber": {
      "version": "3.0.3",
      "resolved": "https://registry.npmjs.org/lodash.isnumber/-/lodash.isnumber-3.0.3.tgz",
      "integrity": "sha1-POdoEMWSjQM1IwGsKHMX8RwLH/w=",
      "dev": true
    },
    "lodash.isplainobject": {
      "version": "4.0.6",
      "resolved": "https://registry.npmjs.org/lodash.isplainobject/-/lodash.isplainobject-4.0.6.tgz",
      "integrity": "sha1-fFJqUtibRcRcxpC4gWO+BJf1UMs=",
      "dev": true
    },
    "lodash.isstring": {
      "version": "4.0.1",
      "resolved": "https://registry.npmjs.org/lodash.isstring/-/lodash.isstring-4.0.1.tgz",
      "integrity": "sha1-1SfftUVuynzJu5XV2ur4i6VKVFE=",
      "dev": true
    },
    "lodash.once": {
      "version": "4.1.1",
      "resolved": "https://registry.npmjs.org/lodash.once/-/lodash.once-4.1.1.tgz",
      "integrity": "sha1-DdOXEhPHxW34gJd9UEyI+0cal6w=",
      "dev": true
    },
    "lpp.dns.api": {
      "version": "file:Lpp.Dns.Api"
    },
    "moment": {
      "version": "2.29.4",
      "resolved": "https://registry.npmjs.org/moment/-/moment-2.29.4.tgz",
      "integrity": "sha512-5LC9SOxjSc2HF6vO2CyuTDNivEdoz2IvyJJGj6X8DJ0eFyfszE0QiEd+iXmBvUP3WHxSjFH/vIsA0EN00cgr8w==",
      "dev": true
    },
    "ms": {
      "version": "2.1.3",
      "resolved": "https://registry.npmjs.org/ms/-/ms-2.1.3.tgz",
      "integrity": "sha512-6FlzubTLZG3J2a/NVCAleEhjzq5oxgHyaCU9yYXvcLsvoVaHJq/s5xXI6/XXP6tz7R9xAOtHnSO/tXtF3WRTlA==",
      "dev": true
    },
    "safe-buffer": {
      "version": "5.2.1",
      "resolved": "https://registry.npmjs.org/safe-buffer/-/safe-buffer-5.2.1.tgz",
      "integrity": "sha512-rp3So07KcdmmKbGvgaNxQSJr7bGVSVk5S9Eq1F+ppbRo70+YeaDxkw5Dd8NPN+GD6bjnYm2VuPuCXmpuYvmCXQ==",
      "dev": true
    },
    "semver": {
      "version": "5.7.1",
      "resolved": "https://registry.npmjs.org/semver/-/semver-5.7.1.tgz",
      "integrity": "sha512-sauaDf/PZdVgrLTNYHRtpXa1iRiKcaebiKQ1BJdpQlWH2lCvexQdX55snPFyK7QzpudqbCI0qXFfOasHdyNDGQ==",
      "dev": true
    }
  }
}
