{
  "name": "lpp.dns.portal",
  "version": "1.0.0",
  "lockfileVersion": 1,
  "requires": true,
  "dependencies": {
    "bean": {
      "version": "1.0.15",
      "resolved": "https://registry.npmjs.org/bean/-/bean-1.0.15.tgz",
      "integrity": "sha1-tKn/+CYYsHFHFnbIsZCGgEjDR3U="
    },
    "bootstrap": {
      "version": "3.3.7",
      "resolved": "https://registry.npmjs.org/bootstrap/-/bootstrap-3.3.7.tgz",
      "integrity": "sha1-WjiTlFSfIzMIdaOxUGVldPip63E="
    },
    "bootstrapvalidator": {
      "version": "0.5.4",
      "resolved": "https://registry.npmjs.org/bootstrapvalidator/-/bootstrapvalidator-0.5.4.tgz",
      "integrity": "sha512-wdHKGxyWW3LFjMDtbW2WX8pCWTew+M6FW2YwbRUmI6bp0FUs43h9WmfFoe3KM8kv26g/klsSBe4gh4f57BZ0eQ=="
    },
    "domready": {
      "version": "1.0.8",
      "resolved": "https://registry.npmjs.org/domready/-/domready-1.0.8.tgz",
      "integrity": "sha1-kfJS5Ze2Wvd+dFriTdAYXV4m1Yw="
    },
    "es6-shim": {
      "version": "0.15.1",
      "resolved": "https://registry.npmjs.org/es6-shim/-/es6-shim-0.15.1.tgz",
      "integrity": "sha1-8QrqvzSZnqhxBWI+Tj/EmtjnqWA="
    },
    "formvalidation": {
      "version": "0.6.2-dev",
      "resolved": "https://registry.npmjs.org/formvalidation/-/formvalidation-0.6.2-dev.tgz",
      "integrity": "sha1-RUfgL8fjpW8JwExQhTp7HEqJpI4="
    },
    "history.js": {
      "version": "1.8.0",
      "resolved": "https://registry.npmjs.org/history.js/-/history.js-1.8.0.tgz",
      "integrity": "sha1-9Brz0F2o8kda7hDuGZm7VYGu/HU=",
      "requires": {
        "bean": ">=0.4",
        "domready": ">=0.2"
      }
    },
    "jqplot": {
      "version": "1.0.9",
      "resolved": "https://registry.npmjs.org/jqplot/-/jqplot-1.0.9.tgz",
      "integrity": "sha1-LFpdapfjlrMdfnEOOji4r4zyUeQ="
    },
    "jquery": {
      "version": "2.2.3",
      "resolved": "https://registry.npmjs.org/jquery/-/jquery-2.2.3.tgz",
      "integrity": "sha1-ReB+QZAzTeNsnhpktDsfE3PZF1g="
    },
    "jquery-form": {
      "version": "3.50.0",
      "resolved": "https://registry.npmjs.org/jquery-form/-/jquery-form-3.50.0.tgz",
      "integrity": "sha1-18lptR4JThLaaZHrYf9a8l9ZeY8=",
      "requires": {
        "jquery": ">=1.5"
      }
    },
    "jquery-migrate": {
      "version": "1.4.1",
      "resolved": "https://registry.npmjs.org/jquery-migrate/-/jquery-migrate-1.4.1.tgz",
      "integrity": "sha1-hRUvPsmalWJfT30Lz2LpuGOPWnY="
    },
    "jquery.cookie": {
      "version": "1.4.1",
      "resolved": "https://registry.npmjs.org/jquery.cookie/-/jquery.cookie-1.4.1.tgz",
      "integrity": "sha1-1j3OIJ6raR/mMxbbCMqeR+D5OFs="
    },
    "knockout": {
      "version": "3.5.1",
      "resolved": "https://registry.npmjs.org/knockout/-/knockout-3.5.1.tgz",
      "integrity": "sha512-wRJ9I4az0QcsH7A4v4l0enUpkS++MBx0BnL/68KaLzJg7x1qmbjSlwEoCNol7KTYZ+pmtI7Eh2J0Nu6/2Z5J/Q=="
    },
    "knockout-kendo": {
      "version": "0.9.8",
      "resolved": "https://registry.npmjs.org/knockout-kendo/-/knockout-kendo-0.9.8.tgz",
      "integrity": "sha1-AnrUottoa7PHkTJMixkx/KYFviA="
    },
    "knockout-mapping": {
      "version": "2.6.0",
      "resolved": "https://registry.npmjs.org/knockout-mapping/-/knockout-mapping-2.6.0.tgz",
      "integrity": "sha1-BSdZ0B7PMNSUfo6+ZK0sgpM/Bv8="
    },
    "knockout.validation": {
      "version": "2.0.4",
      "resolved": "https://registry.npmjs.org/knockout.validation/-/knockout.validation-2.0.4.tgz",
      "integrity": "sha512-64eDuEvALXf5GsRK5b2WIetF/eSIlTsw/ZDerrhKt+3eRBBk95SXdczTLhcoNL4Hi8Gym14YYIjj7vLCXEeHDA=="
    },
    "ko-reactor": {
      "version": "1.4.1",
      "resolved": "https://registry.npmjs.org/ko-reactor/-/ko-reactor-1.4.1.tgz",
      "integrity": "sha512-OtGTX4xwQfEHK/dlw4Xl5GXbUS2A72RK/szrbN6vLPVdH+rfc0qK+JPjXaRSEMjuAmyntuvzmf2Zd6ZJ3y3igw==",
      "requires": {
        "knockout": "3.0.0 - 3.5.0"
      },
      "dependencies": {
        "knockout": {
          "version": "3.5.0",
          "resolved": "https://registry.npmjs.org/knockout/-/knockout-3.5.0.tgz",
          "integrity": "sha512-vBUF/IsBDzaejHkNpiquKdc5uPrImXuQ4Mb9lEfNNJ5cyHGI8ThDupR+h3eMFZhfmPE/brfwcIAn/fm0yOvJUg=="
        }
      }
    },
    "moment": {
      "version": "2.22.1",
      "resolved": "https://registry.npmjs.org/moment/-/moment-2.22.1.tgz",
      "integrity": "sha512-shJkRTSebXvsVqk56I+lkb2latjBs8I+pc2TzWc545y2iFnSjm7Wg0QMh+ZWcdSLQyGEau5jI8ocnmkyTgr9YQ=="
    },
    "signalr": {
      "version": "2.4.1",
      "resolved": "https://registry.npmjs.org/signalr/-/signalr-2.4.1.tgz",
      "integrity": "sha512-HhIcA9kOE9WBs/DPHd+9jN90GDeSD7RRAETcmxn80laDBQmkQeHblzGBNw4rBzn1behe2WiFYQcbKyx11H3ADw==",
      "requires": {
        "jquery": ">=1.6.4"
      }
    }
  }
}
