{
  "name": "lpp.dns.portal",
  "version": "1.0.0",
  "lockfileVersion": 2,
  "requires": true,
  "packages": {
    "": {
      "name": "lpp.dns.portal",
      "version": "1.0.0",
      "license": "ISC",
      "dependencies": {
        "@progress/kendo-licensing": "^1.2.2",
        "bootstrap": "3.4.1",
        "bootstrapvalidator": "^0.5.4",
        "es6-shim": "^0.15.1",
        "formvalidation": "^0.6.2-dev",
        "history.js": "^1.8.0",
        "jqplot": "^1.0.9",
        "jquery": "2.2.4",
        "jquery-form": "^3.50.0",
        "jquery-migrate": "^1.2.1",
        "jquery.cookie": "^1.4.1",
        "knockout": "^3.5.1",
        "knockout-kendo": "^0.10.0",
        "knockout-mapping": "^2.6.0",
        "knockout.validation": "^2.0.4",
        "ko-reactor": "^1.4.1",
        "moment": "2.25.3",
        "signalr": "^2.2.1"
      },
      "devDependencies": {}
    },
    "node_modules/@progress/kendo-licensing": {
      "version": "1.2.2",
      "resolved": "https://registry.npmjs.org/@progress/kendo-licensing/-/kendo-licensing-1.2.2.tgz",
      "integrity": "sha512-DUGwVHmaIFrGkKdO2NjajfNBrLc0Jo0o11WTmo9AkqWzMT+zAOu0D5aghnWGPkPg3e8+T5m9dEZvWPw4eJP4Sw==",
      "hasInstallScript": true,
      "dependencies": {
        "jsonwebtoken": "^8.5.1"
      },
      "bin": {
        "kendo-ui-license": "bin/kendo-ui-license.js"
      }
    },
    "node_modules/bean": {
      "version": "1.0.15",
      "resolved": "https://registry.npmjs.org/bean/-/bean-1.0.15.tgz",
      "integrity": "sha1-tKn/+CYYsHFHFnbIsZCGgEjDR3U="
    },
    "node_modules/bootstrap": {
      "version": "3.4.1",
      "resolved": "https://registry.npmjs.org/bootstrap/-/bootstrap-3.4.1.tgz",
      "integrity": "sha512-yN5oZVmRCwe5aKwzRj6736nSmKDX7pLYwsXiCj/EYmo16hODaBiT4En5btW/jhBF/seV+XMx3aYwukYC3A49DA==",
      "engines": {
        "node": ">=6"
      }
    },
    "node_modules/bootstrapvalidator": {
      "version": "0.5.4",
      "resolved": "https://registry.npmjs.org/bootstrapvalidator/-/bootstrapvalidator-0.5.4.tgz",
      "integrity": "sha512-wdHKGxyWW3LFjMDtbW2WX8pCWTew+M6FW2YwbRUmI6bp0FUs43h9WmfFoe3KM8kv26g/klsSBe4gh4f57BZ0eQ=="
    },
    "node_modules/buffer-equal-constant-time": {
      "version": "1.0.1",
      "resolved": "https://registry.npmjs.org/buffer-equal-constant-time/-/buffer-equal-constant-time-1.0.1.tgz",
      "integrity": "sha1-+OcRMvf/5uAaXJaXpMbz5I1cyBk="
    },
    "node_modules/domready": {
      "version": "1.0.8",
      "resolved": "https://registry.npmjs.org/domready/-/domready-1.0.8.tgz",
      "integrity": "sha1-kfJS5Ze2Wvd+dFriTdAYXV4m1Yw="
    },
    "node_modules/ecdsa-sig-formatter": {
      "version": "1.0.11",
      "resolved": "https://registry.npmjs.org/ecdsa-sig-formatter/-/ecdsa-sig-formatter-1.0.11.tgz",
      "integrity": "sha512-nagl3RYrbNv6kQkeJIpt6NJZy8twLB/2vtz6yN9Z4vRKHN4/QZJIEbqohALSgwKdnksuY3k5Addp5lg8sVoVcQ==",
      "dependencies": {
        "safe-buffer": "^5.0.1"
      }
    },
    "node_modules/es6-shim": {
      "version": "0.15.1",
      "resolved": "https://registry.npmjs.org/es6-shim/-/es6-shim-0.15.1.tgz",
      "integrity": "sha1-8QrqvzSZnqhxBWI+Tj/EmtjnqWA="
    },
    "node_modules/formvalidation": {
      "version": "0.6.2-dev",
      "resolved": "https://registry.npmjs.org/formvalidation/-/formvalidation-0.6.2-dev.tgz",
      "integrity": "sha1-RUfgL8fjpW8JwExQhTp7HEqJpI4="
    },
    "node_modules/history.js": {
      "version": "1.8.0",
      "resolved": "https://registry.npmjs.org/history.js/-/history.js-1.8.0.tgz",
      "integrity": "sha1-9Brz0F2o8kda7hDuGZm7VYGu/HU=",
      "dependencies": {
        "bean": ">=0.4",
        "domready": ">=0.2"
      },
      "engines": {
        "node": "*"
      }
    },
    "node_modules/jqplot": {
      "version": "1.0.9",
      "resolved": "https://registry.npmjs.org/jqplot/-/jqplot-1.0.9.tgz",
      "integrity": "sha1-LFpdapfjlrMdfnEOOji4r4zyUeQ="
    },
    "node_modules/jquery": {
      "version": "2.2.4",
      "resolved": "https://registry.npmjs.org/jquery/-/jquery-2.2.4.tgz",
      "integrity": "sha1-LInWiJterFIqfuoywUUhVZxsvwI="
    },
    "node_modules/jquery-form": {
      "version": "3.50.0",
      "resolved": "https://registry.npmjs.org/jquery-form/-/jquery-form-3.50.0.tgz",
      "integrity": "sha1-18lptR4JThLaaZHrYf9a8l9ZeY8=",
      "dependencies": {
        "jquery": ">=1.5"
      }
    },
    "node_modules/jquery-migrate": {
      "version": "1.4.1",
      "resolved": "https://registry.npmjs.org/jquery-migrate/-/jquery-migrate-1.4.1.tgz",
      "integrity": "sha1-hRUvPsmalWJfT30Lz2LpuGOPWnY="
    },
    "node_modules/jquery.cookie": {
      "version": "1.4.1",
      "resolved": "https://registry.npmjs.org/jquery.cookie/-/jquery.cookie-1.4.1.tgz",
      "integrity": "sha1-1j3OIJ6raR/mMxbbCMqeR+D5OFs="
    },
    "node_modules/jsonwebtoken": {
      "version": "8.5.1",
      "resolved": "https://registry.npmjs.org/jsonwebtoken/-/jsonwebtoken-8.5.1.tgz",
      "integrity": "sha512-XjwVfRS6jTMsqYs0EsuJ4LGxXV14zQybNd4L2r0UvbVnSF9Af8x7p5MzbJ90Ioz/9TI41/hTCvznF/loiSzn8w==",
      "dependencies": {
        "jws": "^3.2.2",
        "lodash.includes": "^4.3.0",
        "lodash.isboolean": "^3.0.3",
        "lodash.isinteger": "^4.0.4",
        "lodash.isnumber": "^3.0.3",
        "lodash.isplainobject": "^4.0.6",
        "lodash.isstring": "^4.0.1",
        "lodash.once": "^4.0.0",
        "ms": "^2.1.1",
        "semver": "^5.6.0"
      },
      "engines": {
        "node": ">=4",
        "npm": ">=1.4.28"
      }
    },
    "node_modules/jwa": {
      "version": "1.4.1",
      "resolved": "https://registry.npmjs.org/jwa/-/jwa-1.4.1.tgz",
      "integrity": "sha512-qiLX/xhEEFKUAJ6FiBMbes3w9ATzyk5W7Hvzpa/SLYdxNtng+gcurvrI7TbACjIXlsJyr05/S1oUhZrc63evQA==",
      "dependencies": {
        "buffer-equal-constant-time": "1.0.1",
        "ecdsa-sig-formatter": "1.0.11",
        "safe-buffer": "^5.0.1"
      }
    },
    "node_modules/jws": {
      "version": "3.2.2",
      "resolved": "https://registry.npmjs.org/jws/-/jws-3.2.2.tgz",
      "integrity": "sha512-YHlZCB6lMTllWDtSPHz/ZXTsi8S00usEV6v1tjq8tOUZzw7DpSDWVXjXDre6ed1w/pd495ODpHZYSdkRTsa0HA==",
      "dependencies": {
        "jwa": "^1.4.1",
        "safe-buffer": "^5.0.1"
      }
    },
    "node_modules/knockout": {
      "version": "3.5.1",
      "resolved": "https://registry.npmjs.org/knockout/-/knockout-3.5.1.tgz",
      "integrity": "sha512-wRJ9I4az0QcsH7A4v4l0enUpkS++MBx0BnL/68KaLzJg7x1qmbjSlwEoCNol7KTYZ+pmtI7Eh2J0Nu6/2Z5J/Q=="
    },
    "node_modules/knockout-kendo": {
      "version": "0.10.0",
      "resolved": "https://registry.npmjs.org/knockout-kendo/-/knockout-kendo-0.10.0.tgz",
      "integrity": "sha512-McDDNLWyi1Nsn8UY1VfoSV4fbekJC64Db6326pOZmichlmoaZ5WHq2t3cUR8TC2Lys9ZsYDMErRIEflWtWDYug=="
    },
    "node_modules/knockout-mapping": {
      "version": "2.6.0",
      "resolved": "https://registry.npmjs.org/knockout-mapping/-/knockout-mapping-2.6.0.tgz",
      "integrity": "sha1-BSdZ0B7PMNSUfo6+ZK0sgpM/Bv8=",
      "peerDependencies": {
        "knockout": ">=2.2.0"
      }
    },
    "node_modules/knockout.validation": {
      "version": "2.0.4",
      "resolved": "https://registry.npmjs.org/knockout.validation/-/knockout.validation-2.0.4.tgz",
      "integrity": "sha512-64eDuEvALXf5GsRK5b2WIetF/eSIlTsw/ZDerrhKt+3eRBBk95SXdczTLhcoNL4Hi8Gym14YYIjj7vLCXEeHDA==",
      "peerDependencies": {
        "knockout": ">=2.3.0"
      }
    },
    "node_modules/ko-reactor": {
      "version": "1.4.1",
      "resolved": "https://registry.npmjs.org/ko-reactor/-/ko-reactor-1.4.1.tgz",
      "integrity": "sha512-OtGTX4xwQfEHK/dlw4Xl5GXbUS2A72RK/szrbN6vLPVdH+rfc0qK+JPjXaRSEMjuAmyntuvzmf2Zd6ZJ3y3igw==",
      "dependencies": {
        "knockout": "3.0.0 - 3.5.0"
      }
    },
    "node_modules/ko-reactor/node_modules/knockout": {
      "version": "3.5.0",
      "resolved": "https://registry.npmjs.org/knockout/-/knockout-3.5.0.tgz",
      "integrity": "sha512-vBUF/IsBDzaejHkNpiquKdc5uPrImXuQ4Mb9lEfNNJ5cyHGI8ThDupR+h3eMFZhfmPE/brfwcIAn/fm0yOvJUg=="
    },
    "node_modules/lodash.includes": {
      "version": "4.3.0",
      "resolved": "https://registry.npmjs.org/lodash.includes/-/lodash.includes-4.3.0.tgz",
      "integrity": "sha1-YLuYqHy5I8aMoeUTJUgzFISfVT8="
    },
    "node_modules/lodash.isboolean": {
      "version": "3.0.3",
      "resolved": "https://registry.npmjs.org/lodash.isboolean/-/lodash.isboolean-3.0.3.tgz",
      "integrity": "sha1-bC4XHbKiV82WgC/UOwGyDV9YcPY="
    },
    "node_modules/lodash.isinteger": {
      "version": "4.0.4",
      "resolved": "https://registry.npmjs.org/lodash.isinteger/-/lodash.isinteger-4.0.4.tgz",
      "integrity": "sha1-YZwK89A/iwTDH1iChAt3sRzWg0M="
    },
    "node_modules/lodash.isnumber": {
      "version": "3.0.3",
      "resolved": "https://registry.npmjs.org/lodash.isnumber/-/lodash.isnumber-3.0.3.tgz",
      "integrity": "sha1-POdoEMWSjQM1IwGsKHMX8RwLH/w="
    },
    "node_modules/lodash.isplainobject": {
      "version": "4.0.6",
      "resolved": "https://registry.npmjs.org/lodash.isplainobject/-/lodash.isplainobject-4.0.6.tgz",
      "integrity": "sha1-fFJqUtibRcRcxpC4gWO+BJf1UMs="
    },
    "node_modules/lodash.isstring": {
      "version": "4.0.1",
      "resolved": "https://registry.npmjs.org/lodash.isstring/-/lodash.isstring-4.0.1.tgz",
      "integrity": "sha1-1SfftUVuynzJu5XV2ur4i6VKVFE="
    },
    "node_modules/lodash.once": {
      "version": "4.1.1",
      "resolved": "https://registry.npmjs.org/lodash.once/-/lodash.once-4.1.1.tgz",
      "integrity": "sha1-DdOXEhPHxW34gJd9UEyI+0cal6w="
    },
    "node_modules/moment": {
      "version": "2.25.3",
      "resolved": "https://registry.npmjs.org/moment/-/moment-2.25.3.tgz",
      "integrity": "sha512-PuYv0PHxZvzc15Sp8ybUCoQ+xpyPWvjOuK72a5ovzp2LI32rJXOiIfyoFoYvG3s6EwwrdkMyWuRiEHSZRLJNdg==",
      "engines": {
        "node": "*"
      }
    },
    "node_modules/ms": {
      "version": "2.1.3",
      "resolved": "https://registry.npmjs.org/ms/-/ms-2.1.3.tgz",
      "integrity": "sha512-6FlzubTLZG3J2a/NVCAleEhjzq5oxgHyaCU9yYXvcLsvoVaHJq/s5xXI6/XXP6tz7R9xAOtHnSO/tXtF3WRTlA=="
    },
    "node_modules/safe-buffer": {
      "version": "5.2.1",
      "resolved": "https://registry.npmjs.org/safe-buffer/-/safe-buffer-5.2.1.tgz",
      "integrity": "sha512-rp3So07KcdmmKbGvgaNxQSJr7bGVSVk5S9Eq1F+ppbRo70+YeaDxkw5Dd8NPN+GD6bjnYm2VuPuCXmpuYvmCXQ==",
      "funding": [
        {
          "type": "github",
          "url": "https://github.com/sponsors/feross"
        },
        {
          "type": "patreon",
          "url": "https://www.patreon.com/feross"
        },
        {
          "type": "consulting",
          "url": "https://feross.org/support"
        }
      ]
    },
    "node_modules/semver": {
      "version": "5.7.1",
      "resolved": "https://registry.npmjs.org/semver/-/semver-5.7.1.tgz",
      "integrity": "sha512-sauaDf/PZdVgrLTNYHRtpXa1iRiKcaebiKQ1BJdpQlWH2lCvexQdX55snPFyK7QzpudqbCI0qXFfOasHdyNDGQ==",
      "bin": {
        "semver": "bin/semver"
      }
    },
    "node_modules/signalr": {
      "version": "2.4.1",
      "resolved": "https://registry.npmjs.org/signalr/-/signalr-2.4.1.tgz",
      "integrity": "sha512-HhIcA9kOE9WBs/DPHd+9jN90GDeSD7RRAETcmxn80laDBQmkQeHblzGBNw4rBzn1behe2WiFYQcbKyx11H3ADw==",
      "dependencies": {
        "jquery": ">=1.6.4"
      }
    }
  },
  "dependencies": {
    "@progress/kendo-licensing": {
      "version": "1.2.2",
      "resolved": "https://registry.npmjs.org/@progress/kendo-licensing/-/kendo-licensing-1.2.2.tgz",
      "integrity": "sha512-DUGwVHmaIFrGkKdO2NjajfNBrLc0Jo0o11WTmo9AkqWzMT+zAOu0D5aghnWGPkPg3e8+T5m9dEZvWPw4eJP4Sw==",
      "requires": {
        "jsonwebtoken": "^8.5.1"
      }
    },
    "bean": {
      "version": "1.0.15",
      "resolved": "https://registry.npmjs.org/bean/-/bean-1.0.15.tgz",
      "integrity": "sha1-tKn/+CYYsHFHFnbIsZCGgEjDR3U="
    },
    "bootstrap": {
      "version": "3.4.1",
      "resolved": "https://registry.npmjs.org/bootstrap/-/bootstrap-3.4.1.tgz",
      "integrity": "sha512-yN5oZVmRCwe5aKwzRj6736nSmKDX7pLYwsXiCj/EYmo16hODaBiT4En5btW/jhBF/seV+XMx3aYwukYC3A49DA=="
    },
    "bootstrapvalidator": {
      "version": "0.5.4",
      "resolved": "https://registry.npmjs.org/bootstrapvalidator/-/bootstrapvalidator-0.5.4.tgz",
      "integrity": "sha512-wdHKGxyWW3LFjMDtbW2WX8pCWTew+M6FW2YwbRUmI6bp0FUs43h9WmfFoe3KM8kv26g/klsSBe4gh4f57BZ0eQ=="
    },
    "buffer-equal-constant-time": {
      "version": "1.0.1",
      "resolved": "https://registry.npmjs.org/buffer-equal-constant-time/-/buffer-equal-constant-time-1.0.1.tgz",
      "integrity": "sha1-+OcRMvf/5uAaXJaXpMbz5I1cyBk="
    },
    "domready": {
      "version": "1.0.8",
      "resolved": "https://registry.npmjs.org/domready/-/domready-1.0.8.tgz",
      "integrity": "sha1-kfJS5Ze2Wvd+dFriTdAYXV4m1Yw="
    },
    "ecdsa-sig-formatter": {
      "version": "1.0.11",
      "resolved": "https://registry.npmjs.org/ecdsa-sig-formatter/-/ecdsa-sig-formatter-1.0.11.tgz",
      "integrity": "sha512-nagl3RYrbNv6kQkeJIpt6NJZy8twLB/2vtz6yN9Z4vRKHN4/QZJIEbqohALSgwKdnksuY3k5Addp5lg8sVoVcQ==",
      "requires": {
        "safe-buffer": "^5.0.1"
      }
    },
    "es6-shim": {
      "version": "0.15.1",
      "resolved": "https://registry.npmjs.org/es6-shim/-/es6-shim-0.15.1.tgz",
      "integrity": "sha1-8QrqvzSZnqhxBWI+Tj/EmtjnqWA="
    },
    "formvalidation": {
      "version": "0.6.2-dev",
      "resolved": "https://registry.npmjs.org/formvalidation/-/formvalidation-0.6.2-dev.tgz",
      "integrity": "sha1-RUfgL8fjpW8JwExQhTp7HEqJpI4="
    },
    "history.js": {
      "version": "1.8.0",
      "resolved": "https://registry.npmjs.org/history.js/-/history.js-1.8.0.tgz",
      "integrity": "sha1-9Brz0F2o8kda7hDuGZm7VYGu/HU=",
      "requires": {
        "bean": ">=0.4",
        "domready": ">=0.2"
      }
    },
    "jqplot": {
      "version": "1.0.9",
      "resolved": "https://registry.npmjs.org/jqplot/-/jqplot-1.0.9.tgz",
      "integrity": "sha1-LFpdapfjlrMdfnEOOji4r4zyUeQ="
    },
    "jquery": {
      "version": "2.2.4",
      "resolved": "https://registry.npmjs.org/jquery/-/jquery-2.2.4.tgz",
      "integrity": "sha1-LInWiJterFIqfuoywUUhVZxsvwI="
    },
    "jquery-form": {
      "version": "3.50.0",
      "resolved": "https://registry.npmjs.org/jquery-form/-/jquery-form-3.50.0.tgz",
      "integrity": "sha1-18lptR4JThLaaZHrYf9a8l9ZeY8=",
      "requires": {
        "jquery": ">=1.5"
      }
    },
    "jquery-migrate": {
      "version": "1.4.1",
      "resolved": "https://registry.npmjs.org/jquery-migrate/-/jquery-migrate-1.4.1.tgz",
      "integrity": "sha1-hRUvPsmalWJfT30Lz2LpuGOPWnY="
    },
    "jquery.cookie": {
      "version": "1.4.1",
      "resolved": "https://registry.npmjs.org/jquery.cookie/-/jquery.cookie-1.4.1.tgz",
      "integrity": "sha1-1j3OIJ6raR/mMxbbCMqeR+D5OFs="
    },
    "jsonwebtoken": {
      "version": "8.5.1",
      "resolved": "https://registry.npmjs.org/jsonwebtoken/-/jsonwebtoken-8.5.1.tgz",
      "integrity": "sha512-XjwVfRS6jTMsqYs0EsuJ4LGxXV14zQybNd4L2r0UvbVnSF9Af8x7p5MzbJ90Ioz/9TI41/hTCvznF/loiSzn8w==",
      "requires": {
        "jws": "^3.2.2",
        "lodash.includes": "^4.3.0",
        "lodash.isboolean": "^3.0.3",
        "lodash.isinteger": "^4.0.4",
        "lodash.isnumber": "^3.0.3",
        "lodash.isplainobject": "^4.0.6",
        "lodash.isstring": "^4.0.1",
        "lodash.once": "^4.0.0",
        "ms": "^2.1.1",
        "semver": "^5.6.0"
      }
    },
    "jwa": {
      "version": "1.4.1",
      "resolved": "https://registry.npmjs.org/jwa/-/jwa-1.4.1.tgz",
      "integrity": "sha512-qiLX/xhEEFKUAJ6FiBMbes3w9ATzyk5W7Hvzpa/SLYdxNtng+gcurvrI7TbACjIXlsJyr05/S1oUhZrc63evQA==",
      "requires": {
        "buffer-equal-constant-time": "1.0.1",
        "ecdsa-sig-formatter": "1.0.11",
        "safe-buffer": "^5.0.1"
      }
    },
    "jws": {
      "version": "3.2.2",
      "resolved": "https://registry.npmjs.org/jws/-/jws-3.2.2.tgz",
      "integrity": "sha512-YHlZCB6lMTllWDtSPHz/ZXTsi8S00usEV6v1tjq8tOUZzw7DpSDWVXjXDre6ed1w/pd495ODpHZYSdkRTsa0HA==",
      "requires": {
        "jwa": "^1.4.1",
        "safe-buffer": "^5.0.1"
      }
    },
    "knockout": {
      "version": "3.5.1",
      "resolved": "https://registry.npmjs.org/knockout/-/knockout-3.5.1.tgz",
      "integrity": "sha512-wRJ9I4az0QcsH7A4v4l0enUpkS++MBx0BnL/68KaLzJg7x1qmbjSlwEoCNol7KTYZ+pmtI7Eh2J0Nu6/2Z5J/Q=="
    },
    "knockout-kendo": {
      "version": "0.10.0",
      "resolved": "https://registry.npmjs.org/knockout-kendo/-/knockout-kendo-0.10.0.tgz",
      "integrity": "sha512-McDDNLWyi1Nsn8UY1VfoSV4fbekJC64Db6326pOZmichlmoaZ5WHq2t3cUR8TC2Lys9ZsYDMErRIEflWtWDYug=="
    },
    "knockout-mapping": {
      "version": "2.6.0",
      "resolved": "https://registry.npmjs.org/knockout-mapping/-/knockout-mapping-2.6.0.tgz",
      "integrity": "sha1-BSdZ0B7PMNSUfo6+ZK0sgpM/Bv8=",
      "requires": {}
    },
    "knockout.validation": {
      "version": "2.0.4",
      "resolved": "https://registry.npmjs.org/knockout.validation/-/knockout.validation-2.0.4.tgz",
      "integrity": "sha512-64eDuEvALXf5GsRK5b2WIetF/eSIlTsw/ZDerrhKt+3eRBBk95SXdczTLhcoNL4Hi8Gym14YYIjj7vLCXEeHDA==",
      "requires": {}
    },
    "ko-reactor": {
      "version": "1.4.1",
      "resolved": "https://registry.npmjs.org/ko-reactor/-/ko-reactor-1.4.1.tgz",
      "integrity": "sha512-OtGTX4xwQfEHK/dlw4Xl5GXbUS2A72RK/szrbN6vLPVdH+rfc0qK+JPjXaRSEMjuAmyntuvzmf2Zd6ZJ3y3igw==",
      "requires": {
        "knockout": "3.0.0 - 3.5.0"
      },
      "dependencies": {
        "knockout": {
          "version": "3.5.0",
          "resolved": "https://registry.npmjs.org/knockout/-/knockout-3.5.0.tgz",
          "integrity": "sha512-vBUF/IsBDzaejHkNpiquKdc5uPrImXuQ4Mb9lEfNNJ5cyHGI8ThDupR+h3eMFZhfmPE/brfwcIAn/fm0yOvJUg=="
        }
      }
    },
    "lodash.includes": {
      "version": "4.3.0",
      "resolved": "https://registry.npmjs.org/lodash.includes/-/lodash.includes-4.3.0.tgz",
      "integrity": "sha1-YLuYqHy5I8aMoeUTJUgzFISfVT8="
    },
    "lodash.isboolean": {
      "version": "3.0.3",
      "resolved": "https://registry.npmjs.org/lodash.isboolean/-/lodash.isboolean-3.0.3.tgz",
      "integrity": "sha1-bC4XHbKiV82WgC/UOwGyDV9YcPY="
    },
    "lodash.isinteger": {
      "version": "4.0.4",
      "resolved": "https://registry.npmjs.org/lodash.isinteger/-/lodash.isinteger-4.0.4.tgz",
      "integrity": "sha1-YZwK89A/iwTDH1iChAt3sRzWg0M="
    },
    "lodash.isnumber": {
      "version": "3.0.3",
      "resolved": "https://registry.npmjs.org/lodash.isnumber/-/lodash.isnumber-3.0.3.tgz",
      "integrity": "sha1-POdoEMWSjQM1IwGsKHMX8RwLH/w="
    },
    "lodash.isplainobject": {
      "version": "4.0.6",
      "resolved": "https://registry.npmjs.org/lodash.isplainobject/-/lodash.isplainobject-4.0.6.tgz",
      "integrity": "sha1-fFJqUtibRcRcxpC4gWO+BJf1UMs="
    },
    "lodash.isstring": {
      "version": "4.0.1",
      "resolved": "https://registry.npmjs.org/lodash.isstring/-/lodash.isstring-4.0.1.tgz",
      "integrity": "sha1-1SfftUVuynzJu5XV2ur4i6VKVFE="
    },
    "lodash.once": {
      "version": "4.1.1",
      "resolved": "https://registry.npmjs.org/lodash.once/-/lodash.once-4.1.1.tgz",
      "integrity": "sha1-DdOXEhPHxW34gJd9UEyI+0cal6w="
    },
    "moment": {
      "version": "2.25.3",
      "resolved": "https://registry.npmjs.org/moment/-/moment-2.25.3.tgz",
      "integrity": "sha512-PuYv0PHxZvzc15Sp8ybUCoQ+xpyPWvjOuK72a5ovzp2LI32rJXOiIfyoFoYvG3s6EwwrdkMyWuRiEHSZRLJNdg=="
    },
    "ms": {
      "version": "2.1.3",
      "resolved": "https://registry.npmjs.org/ms/-/ms-2.1.3.tgz",
      "integrity": "sha512-6FlzubTLZG3J2a/NVCAleEhjzq5oxgHyaCU9yYXvcLsvoVaHJq/s5xXI6/XXP6tz7R9xAOtHnSO/tXtF3WRTlA=="
    },
    "safe-buffer": {
      "version": "5.2.1",
      "resolved": "https://registry.npmjs.org/safe-buffer/-/safe-buffer-5.2.1.tgz",
      "integrity": "sha512-rp3So07KcdmmKbGvgaNxQSJr7bGVSVk5S9Eq1F+ppbRo70+YeaDxkw5Dd8NPN+GD6bjnYm2VuPuCXmpuYvmCXQ=="
    },
    "semver": {
      "version": "5.7.1",
      "resolved": "https://registry.npmjs.org/semver/-/semver-5.7.1.tgz",
      "integrity": "sha512-sauaDf/PZdVgrLTNYHRtpXa1iRiKcaebiKQ1BJdpQlWH2lCvexQdX55snPFyK7QzpudqbCI0qXFfOasHdyNDGQ=="
    },
    "signalr": {
      "version": "2.4.1",
      "resolved": "https://registry.npmjs.org/signalr/-/signalr-2.4.1.tgz",
      "integrity": "sha512-HhIcA9kOE9WBs/DPHd+9jN90GDeSD7RRAETcmxn80laDBQmkQeHblzGBNw4rBzn1behe2WiFYQcbKyx11H3ADw==",
      "requires": {
        "jquery": ">=1.6.4"
      }
    }
  }
}
