Microsoft Visual Studio Solution File, Format Version 12.00
# Visual Studio Version 16
VisualStudioVersion = 16.0.31702.278
MinimumVisualStudioVersion = 10.0.40219.1
Project("{9A19103F-16F7-4668-BE54-9A1E7A4F7556}") = "PopMedNet.UITests", "PopMedNet.UITests.csproj", "{D3F09713-561A-4B0C-BFDF-795A2D4CD493}"
EndProject
Global
	GlobalSection(SolutionConfigurationPlatforms) = preSolution
		Debug|Any CPU = Debug|Any CPU
		Release|Any CPU = Release|Any CPU
	EndGlobalSection
	GlobalSection(ProjectConfigurationPlatforms) = postSolution
		{D3F09713-561A-4B0C-BFDF-795A2D4CD493}.Debug|Any CPU.ActiveCfg = Debug|Any CPU
		{D3F09713-561A-4B0C-BFDF-795A2D4CD493}.Debug|Any CPU.Build.0 = Debug|Any CPU
		{D3F09713-561A-4B0C-BFDF-795A2D4CD493}.Release|Any CPU.ActiveCfg = Release|Any CPU
		{D3F09713-561A-4B0C-BFDF-795A2D4CD493}.Release|Any CPU.Build.0 = Release|Any CPU
	EndGlobalSection
	GlobalSection(SolutionProperties) = preSolution
		HideSolutionNode = FALSE
	EndGlobalSection
	GlobalSection(ExtensibilityGlobals) = postSolution
		SolutionGuid = {3BCFC566-F8EB-47B6-9B2D-8EB5FFA6302F}
	EndGlobalSection
EndGlobal
