{
  "name": "Lpp.Pmn.Resources",
  "version": "1.0.0",
  "lockfileVersion": 1,
  "requires": true,
  "dependencies": {
    "@types/knockout": {
      "version": "3.4.57",
      "resolved": "https://registry.npmjs.org/@types/knockout/-/knockout-3.4.57.tgz",
      "integrity": "sha512-fqueoxUc+1fei3IAZJR29E7NBGMEh4Jj6i+fazjYiIahhqrO/rqhjXXa/5BEo4TAo/WlnXoi4Ph0x20HI/4ijw==",
      "dev": true
    },
    "@types/knockout.mapping": {
      "version": "2.0.33",
      "resolved": "https://registry.npmjs.org/@types/knockout.mapping/-/knockout.mapping-2.0.33.tgz",
      "integrity": "sha512-ZSv/fya3z9H8zWu/VekNowk2yptyVlQYawhN6F2lgPZ3+TyB7JRZHvMebW4BvaO/84O5qLRWz9FhzfugmNunOQ==",
      "dev": true,
      "requires": {
        "@types/knockout": "3.4.57"
      }
    },
    "@types/knockout.validation": {
      "version": "0.0.35",
      "resolved": "https://registry.npmjs.org/@types/knockout.validation/-/knockout.validation-0.0.35.tgz",
      "integrity": "sha512-FiKycCMVnwRcdd+cqiSX6loAr87afvzxJnrHYhP8iw8xDQh0ajjWf4oeGCDe+9KVYlpoIfuBupPf0IG4Shx3XA==",
      "dev": true,
      "requires": {
        "@types/knockout": "3.4.57"
      }
    }
  }
}
